<?xml version="1.0" encoding="utf-8"?>
<Project ToolsVersion="4.0" xmlns="http://schemas.microsoft.com/developer/msbuild/2003">
  <ItemGroup>
    <Filter Include="Source Files">
      <UniqueIdentifier>{1bf4c89a-d0c2-4253-8a7c-ac8cde26e6f6}</UniqueIdentifier>
    </Filter>
    <Filter Include="Header Files">
      <UniqueIdentifier>{9698a7ef-9d77-43c3-836e-689db3dc6252}</UniqueIdentifier>
    </Filter>
  </ItemGroup>
  <ItemGroup>
    <ClInclude Include="_.h">
      <Filter>Header Files</Filter>
    </ClInclude>
    <ClInclude Include="_gpu_opengl.h">
      <Filter>Header Files</Filter>
    </ClInclude>
    <ClInclude Include="buffer.h">
      <Filter>Header Files</Filter>
    </ClInclude>
    <ClInclude Include="context.h">
      <Filter>Header Files</Filter>
    </ClInclude>
    <ClInclude Include="context_cgl.h">
      <Filter>Header Files</Filter>
    </ClInclude>
    <ClInclude Include="context_egl.h">
      <Filter>Header Files</Filter>
    </ClInclude>
    <ClInclude Include="context_fbo.h">
      <Filter>Header Files</Filter>
    </ClInclude>
    <ClInclude Include="context_glx.h">
      <Filter>Header Files</Filter>
    </ClInclude>
    <ClInclude Include="context_win32.h">
      <Filter>Header Files</Filter>
    </ClInclude>
    <ClInclude Include="factory_exchange.h">
      <Filter>Header Files</Filter>
    </ClInclude>
    <ClInclude Include="framework.h">
      <Filter>Header Files</Filter>
    </ClInclude>
    <ClInclude Include="opengl.h">
      <Filter>Header Files</Filter>
    </ClInclude>
    <ClInclude Include="program.h">
      <Filter>Header Files</Filter>
    </ClInclude>
    <ClInclude Include="shader.h">
      <Filter>Header Files</Filter>
    </ClInclude>
  </ItemGroup>
  <ItemGroup>
    <ClCompile Include="_.cpp">
      <Filter>Source Files</Filter>
    </ClCompile>
    <ClCompile Include="_factory.cpp">
      <Filter>Source Files</Filter>
    </ClCompile>
    <ClCompile Include="buffer.cpp">
      <Filter>Source Files</Filter>
    </ClCompile>
    <ClCompile Include="context.cpp">
      <Filter>Source Files</Filter>
    </ClCompile>
    <ClCompile Include="context_cgl.cpp">
      <Filter>Source Files</Filter>
    </ClCompile>
    <ClCompile Include="context_egl.cpp">
      <Filter>Source Files</Filter>
    </ClCompile>
    <ClCompile Include="context_fbo.cpp">
      <Filter>Source Files</Filter>
    </ClCompile>
    <ClCompile Include="context_glx.cpp">
      <Filter>Source Files</Filter>
    </ClCompile>
    <ClCompile Include="context_win32.cpp">
      <Filter>Source Files</Filter>
    </ClCompile>
    <ClCompile Include="framework.cpp">
      <Filter>Source Files</Filter>
    </ClCompile>
    <ClCompile Include="image_opengl.cpp">
      <Filter>Source Files</Filter>
    </ClCompile>
    <ClCompile Include="opengl.cpp">
      <Filter>Source Files</Filter>
    </ClCompile>
    <ClCompile Include="program.cpp">
      <Filter>Source Files</Filter>
    </ClCompile>
    <ClCompile Include="shader.cpp">
      <Filter>Source Files</Filter>
    </ClCompile>
  </ItemGroup>
</Project>