// !$*UTF8*$!
{
	archiveVersion = 1;
	classes = {
	};
	objectVersion = 55;
	objects = {

/* Begin PBXBuildFile section */
		9AA14F63282A2A6200B1621E /* AppDelegate.m in Sources */ = {isa = PBXBuildFile; fileRef = 9AA14F62282A2A6200B1621E /* AppDelegate.m */; };
		9AA14F66282A2A6200B1621E /* SceneDelegate.m in Sources */ = {isa = PBXBuildFile; fileRef = 9AA14F65282A2A6200B1621E /* SceneDelegate.m */; };
		9AA14F69282A2A6200B1621E /* ViewController.m in Sources */ = {isa = PBXBuildFile; fileRef = 9AA14F68282A2A6200B1621E /* ViewController.m */; };
		9AA14F6C282A2A6200B1621E /* Main.storyboard in Resources */ = {isa = PBXBuildFile; fileRef = 9AA14F6A282A2A6200B1621E /* Main.storyboard */; };
		9AA14F6E282A2A6600B1621E /* Assets.xcassets in Resources */ = {isa = PBXBuildFile; fileRef = 9AA14F6D282A2A6600B1621E /* Assets.xcassets */; };
		9AA14F71282A2A6600B1621E /* LaunchScreen.storyboard in Resources */ = {isa = PBXBuildFile; fileRef = 9AA14F6F282A2A6600B1621E /* LaunchScreen.storyboard */; };
		9AA14F74282A2A6600B1621E /* main.m in Sources */ = {isa = PBXBuildFile; fileRef = 9AA14F73282A2A6600B1621E /* main.m */; };
		9AA14F7E282A2A6600B1621E /* _ios_app_appTests.m in Sources */ = {isa = PBXBuildFile; fileRef = 9AA14F7D282A2A6600B1621E /* _ios_app_appTests.m */; };
		9AA14F88282A2A6700B1621E /* _ios_app_appUITests.m in Sources */ = {isa = PBXBuildFile; fileRef = 9AA14F87282A2A6700B1621E /* _ios_app_appUITests.m */; };
		9AA14F8A282A2A6700B1621E /* _ios_app_appUITestsLaunchTests.m in Sources */ = {isa = PBXBuildFile; fileRef = 9AA14F89282A2A6700B1621E /* _ios_app_appUITestsLaunchTests.m */; };
/* End PBXBuildFile section */

/* Begin PBXContainerItemProxy section */
		9AA14F7A282A2A6600B1621E /* PBXContainerItemProxy */ = {
			isa = PBXContainerItemProxy;
			containerPortal = 9AA14F56282A2A6200B1621E /* Project object */;
			proxyType = 1;
			remoteGlobalIDString = 9AA14F5D282A2A6200B1621E;
			remoteInfo = _ios_app_app;
		};
		9AA14F84282A2A6700B1621E /* PBXContainerItemProxy */ = {
			isa = PBXContainerItemProxy;
			containerPortal = 9AA14F56282A2A6200B1621E /* Project object */;
			proxyType = 1;
			remoteGlobalIDString = 9AA14F5D282A2A6200B1621E;
			remoteInfo = _ios_app_app;
		};
/* End PBXContainerItemProxy section */

/* Begin PBXFileReference section */
		9AA14F5E282A2A6200B1621E /* _ios_app_app.app */ = {isa = PBXFileReference; explicitFileType = wrapper.application; includeInIndex = 0; path = _ios_app_app.app; sourceTree = BUILT_PRODUCTS_DIR; };
		9AA14F61282A2A6200B1621E /* AppDelegate.h */ = {isa = PBXFileReference; lastKnownFileType = sourcecode.c.h; path = AppDelegate.h; sourceTree = "<group>"; };
		9AA14F62282A2A6200B1621E /* AppDelegate.m */ = {isa = PBXFileReference; lastKnownFileType = sourcecode.c.objc; path = AppDelegate.m; sourceTree = "<group>"; };
		9AA14F64282A2A6200B1621E /* SceneDelegate.h */ = {isa = PBXFileReference; lastKnownFileType = sourcecode.c.h; path = SceneDelegate.h; sourceTree = "<group>"; };
		9AA14F65282A2A6200B1621E /* SceneDelegate.m */ = {isa = PBXFileReference; lastKnownFileType = sourcecode.c.objc; path = SceneDelegate.m; sourceTree = "<group>"; };
		9AA14F67282A2A6200B1621E /* ViewController.h */ = {isa = PBXFileReference; lastKnownFileType = sourcecode.c.h; path = ViewController.h; sourceTree = "<group>"; };
		9AA14F68282A2A6200B1621E /* ViewController.m */ = {isa = PBXFileReference; lastKnownFileType = sourcecode.c.objc; path = ViewController.m; sourceTree = "<group>"; };
		9AA14F6B282A2A6200B1621E /* Base */ = {isa = PBXFileReference; lastKnownFileType = file.storyboard; name = Base; path = Base.lproj/Main.storyboard; sourceTree = "<group>"; };
		9AA14F6D282A2A6600B1621E /* Assets.xcassets */ = {isa = PBXFileReference; lastKnownFileType = folder.assetcatalog; path = Assets.xcassets; sourceTree = "<group>"; };
		9AA14F70282A2A6600B1621E /* Base */ = {isa = PBXFileReference; lastKnownFileType = file.storyboard; name = Base; path = Base.lproj/LaunchScreen.storyboard; sourceTree = "<group>"; };
		9AA14F72282A2A6600B1621E /* Info.plist */ = {isa = PBXFileReference; lastKnownFileType = text.plist.xml; path = Info.plist; sourceTree = "<group>"; };
		9AA14F73282A2A6600B1621E /* main.m */ = {isa = PBXFileReference; lastKnownFileType = sourcecode.c.objc; path = main.m; sourceTree = "<group>"; };
		9AA14F79282A2A6600B1621E /* _ios_app_appTests.xctest */ = {isa = PBXFileReference; explicitFileType = wrapper.cfbundle; includeInIndex = 0; path = _ios_app_appTests.xctest; sourceTree = BUILT_PRODUCTS_DIR; };
		9AA14F7D282A2A6600B1621E /* _ios_app_appTests.m */ = {isa = PBXFileReference; lastKnownFileType = sourcecode.c.objc; path = _ios_app_appTests.m; sourceTree = "<group>"; };
		9AA14F83282A2A6700B1621E /* _ios_app_appUITests.xctest */ = {isa = PBXFileReference; explicitFileType = wrapper.cfbundle; includeInIndex = 0; path = _ios_app_appUITests.xctest; sourceTree = BUILT_PRODUCTS_DIR; };
		9AA14F87282A2A6700B1621E /* _ios_app_appUITests.m */ = {isa = PBXFileReference; lastKnownFileType = sourcecode.c.objc; path = _ios_app_appUITests.m; sourceTree = "<group>"; };
		9AA14F89282A2A6700B1621E /* _ios_app_appUITestsLaunchTests.m */ = {isa = PBXFileReference; lastKnownFileType = sourcecode.c.objc; path = _ios_app_appUITestsLaunchTests.m; sourceTree = "<group>"; };
/* End PBXFileReference section */

/* Begin PBXFrameworksBuildPhase section */
		9AA14F5B282A2A6200B1621E /* Frameworks */ = {
			isa = PBXFrameworksBuildPhase;
			buildActionMask = 2147483647;
			files = (
			);
			runOnlyForDeploymentPostprocessing = 0;
		};
		9AA14F76282A2A6600B1621E /* Frameworks */ = {
			isa = PBXFrameworksBuildPhase;
			buildActionMask = 2147483647;
			files = (
			);
			runOnlyForDeploymentPostprocessing = 0;
		};
		9AA14F80282A2A6700B1621E /* Frameworks */ = {
			isa = PBXFrameworksBuildPhase;
			buildActionMask = 2147483647;
			files = (
			);
			runOnlyForDeploymentPostprocessing = 0;
		};
/* End PBXFrameworksBuildPhase section */

/* Begin PBXGroup section */
		9AA14F55282A2A6200B1621E = {
			isa = PBXGroup;
			children = (
				9AA14F60282A2A6200B1621E /* _ios_app_app */,
				9AA14F7C282A2A6600B1621E /* _ios_app_appTests */,
				9AA14F86282A2A6700B1621E /* _ios_app_appUITests */,
				9AA14F5F282A2A6200B1621E /* Products */,
			);
			sourceTree = "<group>";
		};
		9AA14F5F282A2A6200B1621E /* Products */ = {
			isa = PBXGroup;
			children = (
				9AA14F5E282A2A6200B1621E /* _ios_app_app.app */,
				9AA14F79282A2A6600B1621E /* _ios_app_appTests.xctest */,
				9AA14F83282A2A6700B1621E /* _ios_app_appUITests.xctest */,
			);
			name = Products;
			sourceTree = "<group>";
		};
		9AA14F60282A2A6200B1621E /* _ios_app_app */ = {
			isa = PBXGroup;
			children = (
				9AA14F61282A2A6200B1621E /* AppDelegate.h */,
				9AA14F62282A2A6200B1621E /* AppDelegate.m */,
				9AA14F64282A2A6200B1621E /* SceneDelegate.h */,
				9AA14F65282A2A6200B1621E /* SceneDelegate.m */,
				9AA14F67282A2A6200B1621E /* ViewController.h */,
				9AA14F68282A2A6200B1621E /* ViewController.m */,
				9AA14F6A282A2A6200B1621E /* Main.storyboard */,
				9AA14F6D282A2A6600B1621E /* Assets.xcassets */,
				9AA14F6F282A2A6600B1621E /* LaunchScreen.storyboard */,
				9AA14F72282A2A6600B1621E /* Info.plist */,
				9AA14F73282A2A6600B1621E /* main.m */,
			);
			path = _ios_app_app;
			sourceTree = "<group>";
		};
		9AA14F7C282A2A6600B1621E /* _ios_app_appTests */ = {
			isa = PBXGroup;
			children = (
				9AA14F7D282A2A6600B1621E /* _ios_app_appTests.m */,
			);
			path = _ios_app_appTests;
			sourceTree = "<group>";
		};
		9AA14F86282A2A6700B1621E /* _ios_app_appUITests */ = {
			isa = PBXGroup;
			children = (
				9AA14F87282A2A6700B1621E /* _ios_app_appUITests.m */,
				9AA14F89282A2A6700B1621E /* _ios_app_appUITestsLaunchTests.m */,
			);
			path = _ios_app_appUITests;
			sourceTree = "<group>";
		};
/* End PBXGroup section */

/* Begin PBXNativeTarget section */
		9AA14F5D282A2A6200B1621E /* _ios_app_app */ = {
			isa = PBXNativeTarget;
			buildConfigurationList = 9AA14F8D282A2A6700B1621E /* Build configuration list for PBXNativeTarget "_ios_app_app" */;
			buildPhases = (
				9AA14F5A282A2A6200B1621E /* Sources */,
				9AA14F5B282A2A6200B1621E /* Frameworks */,
				9AA14F5C282A2A6200B1621E /* Resources */,
			);
			buildRules = (
			);
			dependencies = (
			);
			name = _ios_app_app;
			productName = _ios_app_app;
			productReference = 9AA14F5E282A2A6200B1621E /* _ios_app_app.app */;
			productType = "com.apple.product-type.application";
		};
		9AA14F78282A2A6600B1621E /* _ios_app_appTests */ = {
			isa = PBXNativeTarget;
			buildConfigurationList = 9AA14F90282A2A6700B1621E /* Build configuration list for PBXNativeTarget "_ios_app_appTests" */;
			buildPhases = (
				9AA14F75282A2A6600B1621E /* Sources */,
				9AA14F76282A2A6600B1621E /* Frameworks */,
				9AA14F77282A2A6600B1621E /* Resources */,
			);
			buildRules = (
			);
			dependencies = (
				9AA14F7B282A2A6600B1621E /* PBXTargetDependency */,
			);
			name = _ios_app_appTests;
			productName = _ios_app_appTests;
			productReference = 9AA14F79282A2A6600B1621E /* _ios_app_appTests.xctest */;
			productType = "com.apple.product-type.bundle.unit-test";
		};
		9AA14F82282A2A6700B1621E /* _ios_app_appUITests */ = {
			isa = PBXNativeTarget;
			buildConfigurationList = 9AA14F93282A2A6700B1621E /* Build configuration list for PBXNativeTarget "_ios_app_appUITests" */;
			buildPhases = (
				9AA14F7F282A2A6700B1621E /* Sources */,
				9AA14F80282A2A6700B1621E /* Frameworks */,
				9AA14F81282A2A6700B1621E /* Resources */,
			);
			buildRules = (
			);
			dependencies = (
				9AA14F85282A2A6700B1621E /* PBXTargetDependency */,
			);
			name = _ios_app_appUITests;
			productName = _ios_app_appUITests;
			productReference = 9AA14F83282A2A6700B1621E /* _ios_app_appUITests.xctest */;
			productType = "com.apple.product-type.bundle.ui-testing";
		};
/* End PBXNativeTarget section */

/* Begin PBXProject section */
		9AA14F56282A2A6200B1621E /* Project object */ = {
			isa = PBXProject;
			attributes = {
				BuildIndependentTargetsInParallel = 1;
				LastUpgradeCheck = 1330;
				TargetAttributes = {
					9AA14F5D282A2A6200B1621E = {
						CreatedOnToolsVersion = 13.3.1;
					};
					9AA14F78282A2A6600B1621E = {
						CreatedOnToolsVersion = 13.3.1;
						TestTargetID = 9AA14F5D282A2A6200B1621E;
					};
					9AA14F82282A2A6700B1621E = {
						CreatedOnToolsVersion = 13.3.1;
						TestTargetID = 9AA14F5D282A2A6200B1621E;
					};
				};
			};
			buildConfigurationList = 9AA14F59282A2A6200B1621E /* Build configuration list for PBXProject "_ios_app_app" */;
			compatibilityVersion = "Xcode 13.0";
			developmentRegion = en;
			hasScannedForEncodings = 0;
			knownRegions = (
				en,
				Base,
			);
			mainGroup = 9AA14F55282A2A6200B1621E;
			productRefGroup = 9AA14F5F282A2A6200B1621E /* Products */;
			projectDirPath = "";
			projectRoot = "";
			targets = (
				9AA14F5D282A2A6200B1621E /* _ios_app_app */,
				9AA14F78282A2A6600B1621E /* _ios_app_appTests */,
				9AA14F82282A2A6700B1621E /* _ios_app_appUITests */,
			);
		};
/* End PBXProject section */

/* Begin PBXResourcesBuildPhase section */
		9AA14F5C282A2A6200B1621E /* Resources */ = {
			isa = PBXResourcesBuildPhase;
			buildActionMask = 2147483647;
			files = (
				9AA14F71282A2A6600B1621E /* LaunchScreen.storyboard in Resources */,
				9AA14F6E282A2A6600B1621E /* Assets.xcassets in Resources */,
				9AA14F6C282A2A6200B1621E /* Main.storyboard in Resources */,
			);
			runOnlyForDeploymentPostprocessing = 0;
		};
		9AA14F77282A2A6600B1621E /* Resources */ = {
			isa = PBXResourcesBuildPhase;
			buildActionMask = 2147483647;
			files = (
			);
			runOnlyForDeploymentPostprocessing = 0;
		};
		9AA14F81282A2A6700B1621E /* Resources */ = {
			isa = PBXResourcesBuildPhase;
			buildActionMask = 2147483647;
			files = (
			);
			runOnlyForDeploymentPostprocessing = 0;
		};
/* End PBXResourcesBuildPhase section */

/* Begin PBXSourcesBuildPhase section */
		9AA14F5A282A2A6200B1621E /* Sources */ = {
			isa = PBXSourcesBuildPhase;
			buildActionMask = 2147483647;
			files = (
				9AA14F69282A2A6200B1621E /* ViewController.m in Sources */,
				9AA14F63282A2A6200B1621E /* AppDelegate.m in Sources */,
				9AA14F74282A2A6600B1621E /* main.m in Sources */,
				9AA14F66282A2A6200B1621E /* SceneDelegate.m in Sources */,
			);
			runOnlyForDeploymentPostprocessing = 0;
		};
		9AA14F75282A2A6600B1621E /* Sources */ = {
			isa = PBXSourcesBuildPhase;
			buildActionMask = 2147483647;
			files = (
				9AA14F7E282A2A6600B1621E /* _ios_app_appTests.m in Sources */,
			);
			runOnlyForDeploymentPostprocessing = 0;
		};
		9AA14F7F282A2A6700B1621E /* Sources */ = {
			isa = PBXSourcesBuildPhase;
			buildActionMask = 2147483647;
			files = (
				9AA14F8A282A2A6700B1621E /* _ios_app_appUITestsLaunchTests.m in Sources */,
				9AA14F88282A2A6700B1621E /* _ios_app_appUITests.m in Sources */,
			);
			runOnlyForDeploymentPostprocessing = 0;
		};
/* End PBXSourcesBuildPhase section */

/* Begin PBXTargetDependency section */
		9AA14F7B282A2A6600B1621E /* PBXTargetDependency */ = {
			isa = PBXTargetDependency;
			target = 9AA14F5D282A2A6200B1621E /* _ios_app_app */;
			targetProxy = 9AA14F7A282A2A6600B1621E /* PBXContainerItemProxy */;
		};
		9AA14F85282A2A6700B1621E /* PBXTargetDependency */ = {
			isa = PBXTargetDependency;
			target = 9AA14F5D282A2A6200B1621E /* _ios_app_app */;
			targetProxy = 9AA14F84282A2A6700B1621E /* PBXContainerItemProxy */;
		};
/* End PBXTargetDependency section */

/* Begin PBXVariantGroup section */
		9AA14F6A282A2A6200B1621E /* Main.storyboard */ = {
			isa = PBXVariantGroup;
			children = (
				9AA14F6B282A2A6200B1621E /* Base */,
			);
			name = Main.storyboard;
			sourceTree = "<group>";
		};
		9AA14F6F282A2A6600B1621E /* LaunchScreen.storyboard */ = {
			isa = PBXVariantGroup;
			children = (
				9AA14F70282A2A6600B1621E /* Base */,
			);
			name = LaunchScreen.storyboard;
			sourceTree = "<group>";
		};
/* End PBXVariantGroup section */

/* Begin XCBuildConfiguration section */
		9AA14F8B282A2A6700B1621E /* Debug */ = {
			isa = XCBuildConfiguration;
			buildSettings = {
				ALWAYS_SEARCH_USER_PATHS = NO;
				CLANG_ANALYZER_NONNULL = YES;
				CLANG_ANALYZER_NUMBER_OBJECT_CONVERSION = YES_AGGRESSIVE;
				CLANG_CXX_LANGUAGE_STANDARD = "gnu++17";
				CLANG_ENABLE_MODULES = YES;
				CLANG_ENABLE_OBJC_ARC = YES;
				CLANG_ENABLE_OBJC_WEAK = YES;
				CLANG_WARN_BLOCK_CAPTURE_AUTORELEASING = YES;
				CLANG_WARN_BOOL_CONVERSION = YES;
				CLANG_WARN_COMMA = YES;
				CLANG_WARN_CONSTANT_CONVERSION = YES;
				CLANG_WARN_DEPRECATED_OBJC_IMPLEMENTATIONS = YES;
				CLANG_WARN_DIRECT_OBJC_ISA_USAGE = YES_ERROR;
				CLANG_WARN_DOCUMENTATION_COMMENTS = YES;
				CLANG_WARN_EMPTY_BODY = YES;
				CLANG_WARN_ENUM_CONVERSION = YES;
				CLANG_WARN_INFINITE_RECURSION = YES;
				CLANG_WARN_INT_CONVERSION = YES;
				CLANG_WARN_NON_LITERAL_NULL_CONVERSION = YES;
				CLANG_WARN_OBJC_IMPLICIT_RETAIN_SELF = YES;
				CLANG_WARN_OBJC_LITERAL_CONVERSION = YES;
				CLANG_WARN_OBJC_ROOT_CLASS = YES_ERROR;
				CLANG_WARN_QUOTED_INCLUDE_IN_FRAMEWORK_HEADER = YES;
				CLANG_WARN_RANGE_LOOP_ANALYSIS = YES;
				CLANG_WARN_STRICT_PROTOTYPES = YES;
				CLANG_WARN_SUSPICIOUS_MOVE = YES;
				CLANG_WARN_UNGUARDED_AVAILABILITY = YES_AGGRESSIVE;
				CLANG_WARN_UNREACHABLE_CODE = YES;
				CLANG_WARN__DUPLICATE_METHOD_MATCH = YES;
				COPY_PHASE_STRIP = NO;
				DEBUG_INFORMATION_FORMAT = dwarf;
				ENABLE_STRICT_OBJC_MSGSEND = YES;
				ENABLE_TESTABILITY = YES;
				GCC_C_LANGUAGE_STANDARD = gnu11;
				GCC_DYNAMIC_NO_PIC = NO;
				GCC_NO_COMMON_BLOCKS = YES;
				GCC_OPTIMIZATION_LEVEL = 0;
				GCC_PREPROCESSOR_DEFINITIONS = (
					"DEBUG=1",
					"$(inherited)",
				);
				GCC_WARN_64_TO_32_BIT_CONVERSION = YES;
				GCC_WARN_ABOUT_RETURN_TYPE = YES_ERROR;
				GCC_WARN_UNDECLARED_SELECTOR = YES;
				GCC_WARN_UNINITIALIZED_AUTOS = YES_AGGRESSIVE;
				GCC_WARN_UNUSED_FUNCTION = YES;
				GCC_WARN_UNUSED_VARIABLE = YES;
				IPHONEOS_DEPLOYMENT_TARGET = 15.4;
				MTL_ENABLE_DEBUG_INFO = INCLUDE_SOURCE;
				MTL_FAST_MATH = YES;
				ONLY_ACTIVE_ARCH = YES;
				SDKROOT = iphoneos;
			};
			name = Debug;
		};
		9AA14F8C282A2A6700B1621E /* Release */ = {
			isa = XCBuildConfiguration;
			buildSettings = {
				ALWAYS_SEARCH_USER_PATHS = NO;
				CLANG_ANALYZER_NONNULL = YES;
				CLANG_ANALYZER_NUMBER_OBJECT_CONVERSION = YES_AGGRESSIVE;
				CLANG_CXX_LANGUAGE_STANDARD = "gnu++17";
				CLANG_ENABLE_MODULES = YES;
				CLANG_ENABLE_OBJC_ARC = YES;
				CLANG_ENABLE_OBJC_WEAK = YES;
				CLANG_WARN_BLOCK_CAPTURE_AUTORELEASING = YES;
				CLANG_WARN_BOOL_CONVERSION = YES;
				CLANG_WARN_COMMA = YES;
				CLANG_WARN_CONSTANT_CONVERSION = YES;
				CLANG_WARN_DEPRECATED_OBJC_IMPLEMENTATIONS = YES;
				CLANG_WARN_DIRECT_OBJC_ISA_USAGE = YES_ERROR;
				CLANG_WARN_DOCUMENTATION_COMMENTS = YES;
				CLANG_WARN_EMPTY_BODY = YES;
				CLANG_WARN_ENUM_CONVERSION = YES;
				CLANG_WARN_INFINITE_RECURSION = YES;
				CLANG_WARN_INT_CONVERSION = YES;
				CLANG_WARN_NON_LITERAL_NULL_CONVERSION = YES;
				CLANG_WARN_OBJC_IMPLICIT_RETAIN_SELF = YES;
				CLANG_WARN_OBJC_LITERAL_CONVERSION = YES;
				CLANG_WARN_OBJC_ROOT_CLASS = YES_ERROR;
				CLANG_WARN_QUOTED_INCLUDE_IN_FRAMEWORK_HEADER = YES;
				CLANG_WARN_RANGE_LOOP_ANALYSIS = YES;
				CLANG_WARN_STRICT_PROTOTYPES = YES;
				CLANG_WARN_SUSPICIOUS_MOVE = YES;
				CLANG_WARN_UNGUARDED_AVAILABILITY = YES_AGGRESSIVE;
				CLANG_WARN_UNREACHABLE_CODE = YES;
				CLANG_WARN__DUPLICATE_METHOD_MATCH = YES;
				COPY_PHASE_STRIP = NO;
				DEBUG_INFORMATION_FORMAT = "dwarf-with-dsym";
				ENABLE_NS_ASSERTIONS = NO;
				ENABLE_STRICT_OBJC_MSGSEND = YES;
				GCC_C_LANGUAGE_STANDARD = gnu11;
				GCC_NO_COMMON_BLOCKS = YES;
				GCC_WARN_64_TO_32_BIT_CONVERSION = YES;
				GCC_WARN_ABOUT_RETURN_TYPE = YES_ERROR;
				GCC_WARN_UNDECLARED_SELECTOR = YES;
				GCC_WARN_UNINITIALIZED_AUTOS = YES_AGGRESSIVE;
				GCC_WARN_UNUSED_FUNCTION = YES;
				GCC_WARN_UNUSED_VARIABLE = YES;
				IPHONEOS_DEPLOYMENT_TARGET = 15.4;
				MTL_ENABLE_DEBUG_INFO = NO;
				MTL_FAST_MATH = YES;
				SDKROOT = iphoneos;
				VALIDATE_PRODUCT = YES;
			};
			name = Release;
		};
		9AA14F8E282A2A6700B1621E /* Debug */ = {
			isa = XCBuildConfiguration;
			buildSettings = {
				ASSETCATALOG_COMPILER_APPICON_NAME = AppIcon;
				ASSETCATALOG_COMPILER_GLOBAL_ACCENT_COLOR_NAME = AccentColor;
				CODE_SIGN_STYLE = Automatic;
				CURRENT_PROJECT_VERSION = 1;
				DEVELOPMENT_TEAM = L8N5V6TZE5;
				GENERATE_INFOPLIST_FILE = YES;
				INFOPLIST_FILE = _ios_app_app/Info.plist;
				INFOPLIST_KEY_UIApplicationSupportsIndirectInputEvents = YES;
				INFOPLIST_KEY_UILaunchStoryboardName = LaunchScreen;
				INFOPLIST_KEY_UIMainStoryboardFile = Main;
				INFOPLIST_KEY_UISupportedInterfaceOrientations_iPad = "UIInterfaceOrientationPortrait UIInterfaceOrientationPortraitUpsideDown UIInterfaceOrientationLandscapeLeft UIInterfaceOrientationLandscapeRight";
				INFOPLIST_KEY_UISupportedInterfaceOrientations_iPhone = "UIInterfaceOrientationPortrait UIInterfaceOrientationLandscapeLeft UIInterfaceOrientationLandscapeRight";
				LD_RUNPATH_SEARCH_PATHS = (
					"$(inherited)",
					"@executable_path/Frameworks",
				);
				MARKETING_VERSION = 1.0;
				PRODUCT_BUNDLE_IDENTIFIER = "software.ca2.-ios-app-app";
				PRODUCT_NAME = "$(TARGET_NAME)";
				SWIFT_EMIT_LOC_STRINGS = YES;
				TARGETED_DEVICE_FAMILY = "1,2";
			};
			name = Debug;
		};
		9AA14F8F282A2A6700B1621E /* Release */ = {
			isa = XCBuildConfiguration;
			buildSettings = {
				ASSETCATALOG_COMPILER_APPICON_NAME = AppIcon;
				ASSETCATALOG_COMPILER_GLOBAL_ACCENT_COLOR_NAME = AccentColor;
				CODE_SIGN_STYLE = Automatic;
				CURRENT_PROJECT_VERSION = 1;
				DEVELOPMENT_TEAM = L8N5V6TZE5;
				GENERATE_INFOPLIST_FILE = YES;
				INFOPLIST_FILE = _ios_app_app/Info.plist;
				INFOPLIST_KEY_UIApplicationSupportsIndirectInputEvents = YES;
				INFOPLIST_KEY_UILaunchStoryboardName = LaunchScreen;
				INFOPLIST_KEY_UIMainStoryboardFile = Main;
				INFOPLIST_KEY_UISupportedInterfaceOrientations_iPad = "UIInterfaceOrientationPortrait UIInterfaceOrientationPortraitUpsideDown UIInterfaceOrientationLandscapeLeft UIInterfaceOrientationLandscapeRight";
				INFOPLIST_KEY_UISupportedInterfaceOrientations_iPhone = "UIInterfaceOrientationPortrait UIInterfaceOrientationLandscapeLeft UIInterfaceOrientationLandscapeRight";
				LD_RUNPATH_SEARCH_PATHS = (
					"$(inherited)",
					"@executable_path/Frameworks",
				);
				MARKETING_VERSION = 1.0;
				PRODUCT_BUNDLE_IDENTIFIER = "software.ca2.-ios-app-app";
				PRODUCT_NAME = "$(TARGET_NAME)";
				SWIFT_EMIT_LOC_STRINGS = YES;
				TARGETED_DEVICE_FAMILY = "1,2";
			};
			name = Release;
		};
		9AA14F91282A2A6700B1621E /* Debug */ = {
			isa = XCBuildConfiguration;
			buildSettings = {
				BUNDLE_LOADER = "$(TEST_HOST)";
				CODE_SIGN_STYLE = Automatic;
				CURRENT_PROJECT_VERSION = 1;
				DEVELOPMENT_TEAM = L8N5V6TZE5;
				GENERATE_INFOPLIST_FILE = YES;
				IPHONEOS_DEPLOYMENT_TARGET = 15.4;
				MARKETING_VERSION = 1.0;
				PRODUCT_BUNDLE_IDENTIFIER = "software.ca2.-ios-app-appTests";
				PRODUCT_NAME = "$(TARGET_NAME)";
				SWIFT_EMIT_LOC_STRINGS = NO;
				TARGETED_DEVICE_FAMILY = "1,2";
				TEST_HOST = "$(BUILT_PRODUCTS_DIR)/_ios_app_app.app/_ios_app_app";
			};
			name = Debug;
		};
		9AA14F92282A2A6700B1621E /* Release */ = {
			isa = XCBuildConfiguration;
			buildSettings = {
				BUNDLE_LOADER = "$(TEST_HOST)";
				CODE_SIGN_STYLE = Automatic;
				CURRENT_PROJECT_VERSION = 1;
				DEVELOPMENT_TEAM = L8N5V6TZE5;
				GENERATE_INFOPLIST_FILE = YES;
				IPHONEOS_DEPLOYMENT_TARGET = 15.4;
				MARKETING_VERSION = 1.0;
				PRODUCT_BUNDLE_IDENTIFIER = "software.ca2.-ios-app-appTests";
				PRODUCT_NAME = "$(TARGET_NAME)";
				SWIFT_EMIT_LOC_STRINGS = NO;
				TARGETED_DEVICE_FAMILY = "1,2";
				TEST_HOST = "$(BUILT_PRODUCTS_DIR)/_ios_app_app.app/_ios_app_app";
			};
			name = Release;
		};
		9AA14F94282A2A6700B1621E /* Debug */ = {
			isa = XCBuildConfiguration;
			buildSettings = {
				CODE_SIGN_STYLE = Automatic;
				CURRENT_PROJECT_VERSION = 1;
				DEVELOPMENT_TEAM = L8N5V6TZE5;
				GENERATE_INFOPLIST_FILE = YES;
				MARKETING_VERSION = 1.0;
				PRODUCT_BUNDLE_IDENTIFIER = "software.ca2.-ios-app-appUITests";
				PRODUCT_NAME = "$(TARGET_NAME)";
				SWIFT_EMIT_LOC_STRINGS = NO;
				TARGETED_DEVICE_FAMILY = "1,2";
				TEST_TARGET_NAME = _ios_app_app;
			};
			name = Debug;
		};
		9AA14F95282A2A6700B1621E /* Release */ = {
			isa = XCBuildConfiguration;
			buildSettings = {
				CODE_SIGN_STYLE = Automatic;
				CURRENT_PROJECT_VERSION = 1;
				DEVELOPMENT_TEAM = L8N5V6TZE5;
				GENERATE_INFOPLIST_FILE = YES;
				MARKETING_VERSION = 1.0;
				PRODUCT_BUNDLE_IDENTIFIER = "software.ca2.-ios-app-appUITests";
				PRODUCT_NAME = "$(TARGET_NAME)";
				SWIFT_EMIT_LOC_STRINGS = NO;
				TARGETED_DEVICE_FAMILY = "1,2";
				TEST_TARGET_NAME = _ios_app_app;
			};
			name = Release;
		};
/* End XCBuildConfiguration section */

/* Begin XCConfigurationList section */
		9AA14F59282A2A6200B1621E /* Build configuration list for PBXProject "_ios_app_app" */ = {
			isa = XCConfigurationList;
			buildConfigurations = (
				9AA14F8B282A2A6700B1621E /* Debug */,
				9AA14F8C282A2A6700B1621E /* Release */,
			);
			defaultConfigurationIsVisible = 0;
			defaultConfigurationName = Release;
		};
		9AA14F8D282A2A6700B1621E /* Build configuration list for PBXNativeTarget "_ios_app_app" */ = {
			isa = XCConfigurationList;
			buildConfigurations = (
				9AA14F8E282A2A6700B1621E /* Debug */,
				9AA14F8F282A2A6700B1621E /* Release */,
			);
			defaultConfigurationIsVisible = 0;
			defaultConfigurationName = Release;
		};
		9AA14F90282A2A6700B1621E /* Build configuration list for PBXNativeTarget "_ios_app_appTests" */ = {
			isa = XCConfigurationList;
			buildConfigurations = (
				9AA14F91282A2A6700B1621E /* Debug */,
				9AA14F92282A2A6700B1621E /* Release */,
			);
			defaultConfigurationIsVisible = 0;
			defaultConfigurationName = Release;
		};
		9AA14F93282A2A6700B1621E /* Build configuration list for PBXNativeTarget "_ios_app_appUITests" */ = {
			isa = XCConfigurationList;
			buildConfigurations = (
				9AA14F94282A2A6700B1621E /* Debug */,
				9AA14F95282A2A6700B1621E /* Release */,
			);
			defaultConfigurationIsVisible = 0;
			defaultConfigurationName = Release;
		};
/* End XCConfigurationList section */
	};
	rootObject = 9AA14F56282A2A6200B1621E /* Project object */;
}
