// !$*UTF8*$!
{
	archiveVersion = 1;
	classes = {
	};
	objectVersion = 55;
	objects = {

/* Begin PBXBuildFile section */
		9A1CEBD8285EAFC4001ED6E1 /* libaura.dylib in Frameworks */ = {isa = PBXBuildFile; fileRef = 9A1CEBD7285EAFC4001ED6E1 /* libaura.dylib */; };
		9A64C1172660BBEF0074030F /* application.cpp in Sources */ = {isa = PBXBuildFile; fileRef = 9A8FCBA62651A84F00C0D8A1 /* application.cpp */; };
		9A64C11A2660BBF60074030F /* main_window.cpp in Sources */ = {isa = PBXBuildFile; fileRef = 9A8FCAFE2651A84D00C0D8A1 /* main_window.cpp */; };
		9A64C11B2660BC130074030F /* framework.cpp in Sources */ = {isa = PBXBuildFile; fileRef = 9A8FCAFC2651A84D00C0D8A1 /* framework.cpp */; };
		9A64C11C2660BC1C0074030F /* _.cpp in Sources */ = {isa = PBXBuildFile; fileRef = 9A8FCB8C2651A84F00C0D8A1 /* _.cpp */; };
		9A64C11E2660BC5C0074030F /* libacme.dylib in Frameworks */ = {isa = PBXBuildFile; fileRef = 9A64C11D2660BC5C0074030F /* libacme.dylib */; };
		9A64C1202660BC5C0074030F /* libapex.dylib in Frameworks */ = {isa = PBXBuildFile; fileRef = 9A64C11F2660BC5C0074030F /* libapex.dylib */; };
		9A64C1222660BCC10074030F /* libaqua.dylib in Frameworks */ = {isa = PBXBuildFile; fileRef = 9A64C1212660BCC10074030F /* libaqua.dylib */; };
		9A882E6A28449DBC004113D1 /* application.cpp in Sources */ = {isa = PBXBuildFile; fileRef = 9A8FCBA62651A84F00C0D8A1 /* application.cpp */; };
		9A882E6B28449DBC004113D1 /* _.cpp in Sources */ = {isa = PBXBuildFile; fileRef = 9A8FCB8C2651A84F00C0D8A1 /* _.cpp */; };
		9A882E6C28449DBC004113D1 /* main_window.cpp in Sources */ = {isa = PBXBuildFile; fileRef = 9A8FCAFE2651A84D00C0D8A1 /* main_window.cpp */; };
		9A882E6D28449DBC004113D1 /* framework.cpp in Sources */ = {isa = PBXBuildFile; fileRef = 9A8FCAFC2651A84D00C0D8A1 /* framework.cpp */; };
		9AC01D7E2748C548006BEBCC /* libapp_app.dylib in Frameworks */ = {isa = PBXBuildFile; fileRef = 9AC01A4E2748C210006BEBCC /* libapp_app.dylib */; };
		9AF115A02844E506006B2424 /* _factory.cpp in Sources */ = {isa = PBXBuildFile; fileRef = 9AF1159D2844E496006B2424 /* _factory.cpp */; };
		9AF115A12844E506006B2424 /* _factory.cpp in Sources */ = {isa = PBXBuildFile; fileRef = 9AF1159D2844E496006B2424 /* _factory.cpp */; };
/* End PBXBuildFile section */

/* Begin PBXContainerItemProxy section */
		9A882E7928449DBD004113D1 /* PBXContainerItemProxy */ = {
			isa = PBXContainerItemProxy;
			containerPortal = 9AC01A492748C20F006BEBCC /* app_app.xcodeproj */;
			proxyType = 2;
			remoteGlobalIDString = 9AA14D9B282A17A900B1621E;
			remoteInfo = ios_app_app;
		};
		9A882EA72844A1DC004113D1 /* PBXContainerItemProxy */ = {
			isa = PBXContainerItemProxy;
			containerPortal = 9AC01A492748C20F006BEBCC /* app_app.xcodeproj */;
			proxyType = 1;
			remoteGlobalIDString = 9AA14D8A282A17A900B1621E;
			remoteInfo = ios_app_app;
		};
		9AC01A4D2748C210006BEBCC /* PBXContainerItemProxy */ = {
			isa = PBXContainerItemProxy;
			containerPortal = 9AC01A492748C20F006BEBCC /* app_app.xcodeproj */;
			proxyType = 2;
			remoteGlobalIDString = 9A48898624EB48DE00119EC4;
			remoteInfo = app_app;
		};
		9AC01D652748C3F8006BEBCC /* PBXContainerItemProxy */ = {
			isa = PBXContainerItemProxy;
			containerPortal = 9AC01A492748C20F006BEBCC /* app_app.xcodeproj */;
			proxyType = 1;
			remoteGlobalIDString = 9AC01A572748C26A006BEBCC;
			remoteInfo = app_app;
		};
/* End PBXContainerItemProxy section */

/* Begin PBXFileReference section */
		9A1CEBD7285EAFC4001ED6E1 /* libaura.dylib */ = {isa = PBXFileReference; explicitFileType = "compiled.mach-o.dylib"; path = libaura.dylib; sourceTree = BUILT_PRODUCTS_DIR; };
		9A48898624EB48DE00119EC4 /* libapp_message_box.dylib */ = {isa = PBXFileReference; explicitFileType = "compiled.mach-o.dylib"; includeInIndex = 0; path = libapp_message_box.dylib; sourceTree = BUILT_PRODUCTS_DIR; };
		9A64C11D2660BC5C0074030F /* libacme.dylib */ = {isa = PBXFileReference; explicitFileType = "compiled.mach-o.dylib"; path = libacme.dylib; sourceTree = BUILT_PRODUCTS_DIR; };
		9A64C11F2660BC5C0074030F /* libapex.dylib */ = {isa = PBXFileReference; explicitFileType = "compiled.mach-o.dylib"; path = libapex.dylib; sourceTree = BUILT_PRODUCTS_DIR; };
		9A64C1212660BCC10074030F /* libaqua.dylib */ = {isa = PBXFileReference; explicitFileType = "compiled.mach-o.dylib"; path = libaqua.dylib; sourceTree = BUILT_PRODUCTS_DIR; };
		9A882E7728449DBC004113D1 /* libios_app_message_box.a */ = {isa = PBXFileReference; explicitFileType = "compiled.mach-o.dylib"; includeInIndex = 0; path = libios_app_message_box.a; sourceTree = BUILT_PRODUCTS_DIR; };
		9A8FCAFC2651A84D00C0D8A1 /* framework.cpp */ = {isa = PBXFileReference; lastKnownFileType = sourcecode.cpp.cpp; path = framework.cpp; sourceTree = "<group>"; };
		9A8FCAFE2651A84D00C0D8A1 /* main_window.cpp */ = {isa = PBXFileReference; lastKnownFileType = sourcecode.cpp.cpp; path = main_window.cpp; sourceTree = "<group>"; };
		9A8FCAFF2651A84D00C0D8A1 /* application.h */ = {isa = PBXFileReference; lastKnownFileType = sourcecode.c.h; path = application.h; sourceTree = "<group>"; };
		9A8FCB722651A84E00C0D8A1 /* main_window.h */ = {isa = PBXFileReference; lastKnownFileType = sourcecode.c.h; path = main_window.h; sourceTree = "<group>"; };
		9A8FCB742651A84E00C0D8A1 /* _app_message_box.h */ = {isa = PBXFileReference; lastKnownFileType = sourcecode.c.h; path = _app_message_box.h; sourceTree = "<group>"; };
		9A8FCB8C2651A84F00C0D8A1 /* _.cpp */ = {isa = PBXFileReference; lastKnownFileType = sourcecode.cpp.cpp; path = _.cpp; sourceTree = "<group>"; };
		9A8FCBA42651A84F00C0D8A1 /* framework.h */ = {isa = PBXFileReference; lastKnownFileType = sourcecode.c.h; path = framework.h; sourceTree = "<group>"; };
		9A8FCBA62651A84F00C0D8A1 /* application.cpp */ = {isa = PBXFileReference; lastKnownFileType = sourcecode.cpp.cpp; path = application.cpp; sourceTree = "<group>"; };
		9A8FCC162651A85000C0D8A1 /* _.h */ = {isa = PBXFileReference; lastKnownFileType = sourcecode.c.h; path = _.h; sourceTree = "<group>"; };
		9AC01A492748C20F006BEBCC /* app_app.xcodeproj */ = {isa = PBXFileReference; lastKnownFileType = "wrapper.pb-project"; name = app_app.xcodeproj; path = ../app/app_app.xcodeproj; sourceTree = "<group>"; };
		9AF1159D2844E496006B2424 /* _factory.cpp */ = {isa = PBXFileReference; lastKnownFileType = sourcecode.cpp.cpp; path = _factory.cpp; sourceTree = "<group>"; };
/* End PBXFileReference section */

/* Begin PBXFrameworksBuildPhase section */
		9A48898424EB48DE00119EC4 /* Frameworks */ = {
			isa = PBXFrameworksBuildPhase;
			buildActionMask = 2147483647;
			files = (
				9A1CEBD8285EAFC4001ED6E1 /* libaura.dylib in Frameworks */,
				9A64C1222660BCC10074030F /* libaqua.dylib in Frameworks */,
				9AC01D7E2748C548006BEBCC /* libapp_app.dylib in Frameworks */,
				9A64C11E2660BC5C0074030F /* libacme.dylib in Frameworks */,
				9A64C1202660BC5C0074030F /* libapex.dylib in Frameworks */,
			);
			runOnlyForDeploymentPostprocessing = 0;
		};
		9A882E6E28449DBC004113D1 /* Frameworks */ = {
			isa = PBXFrameworksBuildPhase;
			buildActionMask = 2147483647;
			files = (
			);
			runOnlyForDeploymentPostprocessing = 0;
		};
/* End PBXFrameworksBuildPhase section */

/* Begin PBXGroup section */
		9A48897D24EB48DE00119EC4 = {
			isa = PBXGroup;
			children = (
				9AC01A492748C20F006BEBCC /* app_app.xcodeproj */,
				9A8FCADA2651A84D00C0D8A1 /* message_box */,
				9A48898724EB48DE00119EC4 /* Products */,
				9A488A5124EB4BAF00119EC4 /* Frameworks */,
			);
			sourceTree = "<group>";
		};
		9A48898724EB48DE00119EC4 /* Products */ = {
			isa = PBXGroup;
			children = (
				9A48898624EB48DE00119EC4 /* libapp_message_box.dylib */,
				9A882E7728449DBC004113D1 /* libios_app_message_box.a */,
			);
			name = Products;
			sourceTree = "<group>";
		};
		9A488A5124EB4BAF00119EC4 /* Frameworks */ = {
			isa = PBXGroup;
			children = (
				9A1CEBD7285EAFC4001ED6E1 /* libaura.dylib */,
				9A64C1212660BCC10074030F /* libaqua.dylib */,
				9A64C11D2660BC5C0074030F /* libacme.dylib */,
				9A64C11F2660BC5C0074030F /* libapex.dylib */,
			);
			name = Frameworks;
			sourceTree = "<group>";
		};
		9A8FCADA2651A84D00C0D8A1 /* message_box */ = {
			isa = PBXGroup;
			children = (
				9AF1159D2844E496006B2424 /* _factory.cpp */,
				9A8FCB8C2651A84F00C0D8A1 /* _.cpp */,
				9A8FCC162651A85000C0D8A1 /* _.h */,
				9A8FCB742651A84E00C0D8A1 /* _app_message_box.h */,
				9A8FCBA62651A84F00C0D8A1 /* application.cpp */,
				9A8FCAFF2651A84D00C0D8A1 /* application.h */,
				9A8FCAFC2651A84D00C0D8A1 /* framework.cpp */,
				9A8FCBA42651A84F00C0D8A1 /* framework.h */,
				9A8FCAFE2651A84D00C0D8A1 /* main_window.cpp */,
				9A8FCB722651A84E00C0D8A1 /* main_window.h */,
			);
			name = message_box;
			sourceTree = "<group>";
		};
		9AC01A4A2748C20F006BEBCC /* Products */ = {
			isa = PBXGroup;
			children = (
				9AC01A4E2748C210006BEBCC /* libapp_app.dylib */,
				9A882E7A28449DBD004113D1 /* libios_app_app.a */,
			);
			name = Products;
			sourceTree = "<group>";
		};
/* End PBXGroup section */

/* Begin PBXHeadersBuildPhase section */
		9A48898224EB48DE00119EC4 /* Headers */ = {
			isa = PBXHeadersBuildPhase;
			buildActionMask = 2147483647;
			files = (
			);
			runOnlyForDeploymentPostprocessing = 0;
		};
		9A882E6828449DBC004113D1 /* Headers */ = {
			isa = PBXHeadersBuildPhase;
			buildActionMask = 2147483647;
			files = (
			);
			runOnlyForDeploymentPostprocessing = 0;
		};
/* End PBXHeadersBuildPhase section */

/* Begin PBXNativeTarget section */
		9A48898524EB48DE00119EC4 /* app_message_box */ = {
			isa = PBXNativeTarget;
			buildConfigurationList = 9A48898F24EB48DE00119EC4 /* Build configuration list for PBXNativeTarget "app_message_box" */;
			buildPhases = (
				9A48898224EB48DE00119EC4 /* Headers */,
				9A48898324EB48DE00119EC4 /* Sources */,
				9A48898424EB48DE00119EC4 /* Frameworks */,
			);
			buildRules = (
			);
			dependencies = (
				9AC01D662748C3F8006BEBCC /* PBXTargetDependency */,
			);
			name = app_message_box;
			productName = app_app_app;
			productReference = 9A48898624EB48DE00119EC4 /* libapp_message_box.dylib */;
			productType = "com.apple.product-type.library.dynamic";
		};
		9A882E6328449DBC004113D1 /* ios_app_message_box */ = {
			isa = PBXNativeTarget;
			buildConfigurationList = 9A882E7428449DBC004113D1 /* Build configuration list for PBXNativeTarget "ios_app_message_box" */;
			buildPhases = (
				9A882E6828449DBC004113D1 /* Headers */,
				9A882E6928449DBC004113D1 /* Sources */,
				9A882E6E28449DBC004113D1 /* Frameworks */,
			);
			buildRules = (
			);
			dependencies = (
				9A882EA82844A1DC004113D1 /* PBXTargetDependency */,
			);
			name = ios_app_message_box;
			productName = app_app_app;
			productReference = 9A882E7728449DBC004113D1 /* libios_app_message_box.a */;
			productType = "com.apple.product-type.library.dynamic";
		};
/* End PBXNativeTarget section */

/* Begin PBXProject section */
		9A48897E24EB48DE00119EC4 /* Project object */ = {
			isa = PBXProject;
			attributes = {
				LastUpgradeCheck = 1240;
				ORGANIZATIONNAME = "Camilo Sasuke Tsumanuma";
				TargetAttributes = {
					9A48898524EB48DE00119EC4 = {
						CreatedOnToolsVersion = 11.6;
					};
				};
			};
			buildConfigurationList = 9A48898124EB48DE00119EC4 /* Build configuration list for PBXProject "app_message_box" */;
			compatibilityVersion = "Xcode 13.0";
			developmentRegion = en;
			hasScannedForEncodings = 0;
			knownRegions = (
				en,
				Base,
			);
			mainGroup = 9A48897D24EB48DE00119EC4;
			productRefGroup = 9A48898724EB48DE00119EC4 /* Products */;
			projectDirPath = "";
			projectReferences = (
				{
					ProductGroup = 9AC01A4A2748C20F006BEBCC /* Products */;
					ProjectRef = 9AC01A492748C20F006BEBCC /* app_app.xcodeproj */;
				},
			);
			projectRoot = "";
			targets = (
				9A48898524EB48DE00119EC4 /* app_message_box */,
				9A882E6328449DBC004113D1 /* ios_app_message_box */,
			);
		};
/* End PBXProject section */

/* Begin PBXReferenceProxy section */
		9A882E7A28449DBD004113D1 /* libios_app_app.a */ = {
			isa = PBXReferenceProxy;
			fileType = "compiled.mach-o.dylib";
			path = libios_app_app.a;
			remoteRef = 9A882E7928449DBD004113D1 /* PBXContainerItemProxy */;
			sourceTree = BUILT_PRODUCTS_DIR;
		};
		9AC01A4E2748C210006BEBCC /* libapp_app.dylib */ = {
			isa = PBXReferenceProxy;
			fileType = "compiled.mach-o.dylib";
			path = libapp_app.dylib;
			remoteRef = 9AC01A4D2748C210006BEBCC /* PBXContainerItemProxy */;
			sourceTree = BUILT_PRODUCTS_DIR;
		};
/* End PBXReferenceProxy section */

/* Begin PBXSourcesBuildPhase section */
		9A48898324EB48DE00119EC4 /* Sources */ = {
			isa = PBXSourcesBuildPhase;
			buildActionMask = 2147483647;
			files = (
				9A64C1172660BBEF0074030F /* application.cpp in Sources */,
				9A64C11C2660BC1C0074030F /* _.cpp in Sources */,
				9A64C11A2660BBF60074030F /* main_window.cpp in Sources */,
				9AF115A02844E506006B2424 /* _factory.cpp in Sources */,
				9A64C11B2660BC130074030F /* framework.cpp in Sources */,
			);
			runOnlyForDeploymentPostprocessing = 0;
		};
		9A882E6928449DBC004113D1 /* Sources */ = {
			isa = PBXSourcesBuildPhase;
			buildActionMask = 2147483647;
			files = (
				9A882E6A28449DBC004113D1 /* application.cpp in Sources */,
				9A882E6B28449DBC004113D1 /* _.cpp in Sources */,
				9A882E6C28449DBC004113D1 /* main_window.cpp in Sources */,
				9AF115A12844E506006B2424 /* _factory.cpp in Sources */,
				9A882E6D28449DBC004113D1 /* framework.cpp in Sources */,
			);
			runOnlyForDeploymentPostprocessing = 0;
		};
/* End PBXSourcesBuildPhase section */

/* Begin PBXTargetDependency section */
		9A882EA82844A1DC004113D1 /* PBXTargetDependency */ = {
			isa = PBXTargetDependency;
			name = ios_app_app;
			targetProxy = 9A882EA72844A1DC004113D1 /* PBXContainerItemProxy */;
		};
		9AC01D662748C3F8006BEBCC /* PBXTargetDependency */ = {
			isa = PBXTargetDependency;
			name = app_app;
			targetProxy = 9AC01D652748C3F8006BEBCC /* PBXContainerItemProxy */;
		};
/* End PBXTargetDependency section */

/* Begin XCBuildConfiguration section */
		9A48898D24EB48DE00119EC4 /* Debug */ = {
			isa = XCBuildConfiguration;
			buildSettings = {
				ALWAYS_SEARCH_USER_PATHS = NO;
				CLANG_ANALYZER_DEADCODE_DEADSTORES = NO;
				CLANG_ANALYZER_LOCALIZABILITY_NONLOCALIZED = YES;
				CLANG_ANALYZER_NONNULL = YES;
				CLANG_ANALYZER_NUMBER_OBJECT_CONVERSION = YES_AGGRESSIVE;
				CLANG_CXX_LANGUAGE_STANDARD = "c++20";
				CLANG_ENABLE_OBJC_ARC = YES;
				CLANG_ENABLE_OBJC_WEAK = YES;
				CLANG_STATIC_ANALYZER_MODE_ON_ANALYZE_ACTION = shallow;
				CLANG_WARN_BLOCK_CAPTURE_AUTORELEASING = YES;
				CLANG_WARN_BOOL_CONVERSION = YES;
				CLANG_WARN_COMMA = YES;
				CLANG_WARN_CONSTANT_CONVERSION = YES;
				CLANG_WARN_DEPRECATED_OBJC_IMPLEMENTATIONS = YES;
				CLANG_WARN_DIRECT_OBJC_ISA_USAGE = YES_ERROR;
				CLANG_WARN_DOCUMENTATION_COMMENTS = YES;
				CLANG_WARN_EMPTY_BODY = YES;
				CLANG_WARN_ENUM_CONVERSION = YES;
				CLANG_WARN_INFINITE_RECURSION = YES;
				CLANG_WARN_INT_CONVERSION = YES;
				CLANG_WARN_NON_LITERAL_NULL_CONVERSION = YES;
				CLANG_WARN_OBJC_IMPLICIT_RETAIN_SELF = YES;
				CLANG_WARN_OBJC_LITERAL_CONVERSION = YES;
				CLANG_WARN_OBJC_ROOT_CLASS = YES_ERROR;
				CLANG_WARN_PRAGMA_PACK = NO;
				CLANG_WARN_QUOTED_INCLUDE_IN_FRAMEWORK_HEADER = YES;
				CLANG_WARN_RANGE_LOOP_ANALYSIS = YES;
				CLANG_WARN_STRICT_PROTOTYPES = YES;
				CLANG_WARN_SUSPICIOUS_MOVE = YES;
				CLANG_WARN_UNGUARDED_AVAILABILITY = YES_AGGRESSIVE;
				CLANG_WARN_UNREACHABLE_CODE = YES;
				CLANG_WARN__DUPLICATE_METHOD_MATCH = YES;
				COPY_PHASE_STRIP = NO;
				DEBUG_INFORMATION_FORMAT = "dwarf-with-dsym";
				DEPLOYMENT_POSTPROCESSING = YES;
				ENABLE_HARDENED_RUNTIME = YES;
				ENABLE_STRICT_OBJC_MSGSEND = YES;
				ENABLE_TESTABILITY = YES;
				EXECUTABLE_PREFIX = lib;
				GCC_C_LANGUAGE_STANDARD = c99;
				GCC_DYNAMIC_NO_PIC = NO;
				GCC_ENABLE_OBJC_EXCEPTIONS = YES;
				GCC_NO_COMMON_BLOCKS = YES;
				GCC_OPTIMIZATION_LEVEL = 0;
				GCC_PRECOMPILE_PREFIX_HEADER = YES;
				GCC_PREFIX_HEADER = framework.h;
				GCC_PREPROCESSOR_DEFINITIONS = _DEBUG;
				GCC_SYMBOLS_PRIVATE_EXTERN = NO;
				GCC_WARN_64_TO_32_BIT_CONVERSION = YES;
				GCC_WARN_ABOUT_RETURN_TYPE = YES_ERROR;
				GCC_WARN_UNDECLARED_SELECTOR = YES;
				GCC_WARN_UNINITIALIZED_AUTOS = YES_AGGRESSIVE;
				GCC_WARN_UNUSED_FUNCTION = YES;
				GCC_WARN_UNUSED_VARIABLE = YES;
				HEADER_SEARCH_PATHS = "";
				INSTALL_PATH = "@executable_path";
				IPHONEOS_DEPLOYMENT_TARGET = 12.0;
				LD_RUNPATH_SEARCH_PATHS = "@executable_path";
				LIBRARY_SEARCH_PATHS = (
					"$(inherited)",
					"$(WorkspaceDir)/operating-system/storage-$(PLATFORM_MODIFIER)/library",
				);
				MACOSX_DEPLOYMENT_TARGET = 10.9;
				ONLY_ACTIVE_ARCH = YES;
				PRODUCT_NAME = "$(TARGET_NAME)";
				SDKROOT = macosx;
				SKIP_INSTALL = YES;
				STRIP_INSTALLED_PRODUCT = NO;
				SYSTEM_HEADER_SEARCH_PATHS = (
					"$(WorkspaceDir)/operating-system",
					"$(WorkspaceDir)/operating-system/third-$(PLATFORM_MODIFIER)/include",
					"$(WorkspaceDir)/operating-system/third-$(PLATFORM_MODIFIER)/third/include/include",
					"$(WorkspaceDir)/operating-system/third-$(PLATFORM_MODIFIER)/third/include",
					"$(WorkspaceDir)/source/port/include",
					"$(WorkspaceDir)/source/port",
					"$(WorkspaceDir)/source/app",
				);
				USER_HEADER_SEARCH_PATHS = (
					.,
					"$(WorkspaceDir)/source",
					"$(WorkspaceDir)/source/include",
					"$(WorkspaceDir)/source/app",
					"$(WorkspaceDir)/source/app/include",
					"$(WorkspaceDir)/operating-system",
					"$(WorkspaceDir)/operating-system/operating-system-$(PLATFORM_MODIFIER)",
					"$(WorkspaceDir)/operating-system/operating-system-$(PLATFORM_MODIFIER)/include",
					"$(WorkspaceDir)/source/port/include",
					"$(WorkspaceDir)/source/port",
					"$(WorkspaceDir)/operating-system/third-$(PLATFORM_MODIFIER)/third/include/include",
					"$(WorkspaceDir)/operating-system/third-$(PLATFORM_MODIFIER)/third/include",
					"$(PROJECT_DIR)",
					"$(PROJECT_DIR)/..",
					"$(PROJECT_DIR)/../..",
					"$(HOME)/sensitive/sensitive/include",
				);
				USE_HEADERMAP = NO;
				WorkspaceDir = "$(SRCROOT)/../../..";
			};
			name = Debug;
		};
		9A48898E24EB48DE00119EC4 /* Release */ = {
			isa = XCBuildConfiguration;
			buildSettings = {
				ALWAYS_SEARCH_USER_PATHS = NO;
				CLANG_ANALYZER_DEADCODE_DEADSTORES = NO;
				CLANG_ANALYZER_LOCALIZABILITY_NONLOCALIZED = YES;
				CLANG_ANALYZER_NONNULL = YES;
				CLANG_ANALYZER_NUMBER_OBJECT_CONVERSION = YES_AGGRESSIVE;
				CLANG_CXX_LANGUAGE_STANDARD = "c++20";
				CLANG_ENABLE_OBJC_ARC = YES;
				CLANG_ENABLE_OBJC_WEAK = YES;
				CLANG_STATIC_ANALYZER_MODE_ON_ANALYZE_ACTION = shallow;
				CLANG_WARN_BLOCK_CAPTURE_AUTORELEASING = YES;
				CLANG_WARN_BOOL_CONVERSION = YES;
				CLANG_WARN_COMMA = YES;
				CLANG_WARN_CONSTANT_CONVERSION = YES;
				CLANG_WARN_DEPRECATED_OBJC_IMPLEMENTATIONS = YES;
				CLANG_WARN_DIRECT_OBJC_ISA_USAGE = YES_ERROR;
				CLANG_WARN_DOCUMENTATION_COMMENTS = YES;
				CLANG_WARN_EMPTY_BODY = YES;
				CLANG_WARN_ENUM_CONVERSION = YES;
				CLANG_WARN_INFINITE_RECURSION = YES;
				CLANG_WARN_INT_CONVERSION = YES;
				CLANG_WARN_NON_LITERAL_NULL_CONVERSION = YES;
				CLANG_WARN_OBJC_IMPLICIT_RETAIN_SELF = YES;
				CLANG_WARN_OBJC_LITERAL_CONVERSION = YES;
				CLANG_WARN_OBJC_ROOT_CLASS = YES_ERROR;
				CLANG_WARN_PRAGMA_PACK = NO;
				CLANG_WARN_QUOTED_INCLUDE_IN_FRAMEWORK_HEADER = YES;
				CLANG_WARN_RANGE_LOOP_ANALYSIS = YES;
				CLANG_WARN_STRICT_PROTOTYPES = YES;
				CLANG_WARN_SUSPICIOUS_MOVE = YES;
				CLANG_WARN_UNGUARDED_AVAILABILITY = YES_AGGRESSIVE;
				CLANG_WARN_UNREACHABLE_CODE = YES;
				CLANG_WARN__DUPLICATE_METHOD_MATCH = YES;
				COPY_PHASE_STRIP = YES;
				DEBUG_INFORMATION_FORMAT = "dwarf-with-dsym";
				DEPLOYMENT_POSTPROCESSING = YES;
				ENABLE_HARDENED_RUNTIME = YES;
				ENABLE_NS_ASSERTIONS = NO;
				ENABLE_STRICT_OBJC_MSGSEND = YES;
				EXECUTABLE_PREFIX = lib;
				GCC_C_LANGUAGE_STANDARD = c99;
				GCC_ENABLE_OBJC_EXCEPTIONS = YES;
				GCC_NO_COMMON_BLOCKS = YES;
				GCC_PRECOMPILE_PREFIX_HEADER = YES;
				GCC_PREFIX_HEADER = framework.h;
				GCC_WARN_64_TO_32_BIT_CONVERSION = YES;
				GCC_WARN_ABOUT_RETURN_TYPE = YES_ERROR;
				GCC_WARN_UNDECLARED_SELECTOR = YES;
				GCC_WARN_UNINITIALIZED_AUTOS = YES_AGGRESSIVE;
				GCC_WARN_UNUSED_FUNCTION = YES;
				GCC_WARN_UNUSED_VARIABLE = YES;
				HEADER_SEARCH_PATHS = "";
				INSTALL_PATH = "@executable_path";
				IPHONEOS_DEPLOYMENT_TARGET = 12.0;
				LD_RUNPATH_SEARCH_PATHS = "@executable_path";
				LIBRARY_SEARCH_PATHS = (
					"$(inherited)",
					"$(WorkspaceDir)/operating-system/storage-$(PLATFORM_MODIFIER)/library",
					"$(WorkspaceDir)/operating-system",
				);
				MACOSX_DEPLOYMENT_TARGET = 10.9;
				PRODUCT_NAME = "$(TARGET_NAME)";
				SDKROOT = macosx;
				SKIP_INSTALL = YES;
				SYSTEM_HEADER_SEARCH_PATHS = (
					"$(WorkspaceDir)/operating-system",
					"$(WorkspaceDir)/operating-system/third-$(PLATFORM_MODIFIER)/include",
					"$(WorkspaceDir)/operating-system/third-$(PLATFORM_MODIFIER)/third/include/include",
					"$(WorkspaceDir)/operating-system/third-$(PLATFORM_MODIFIER)/third/include",
					"$(WorkspaceDir)/source/port/include",
					"$(WorkspaceDir)/source/port",
					"$(WorkspaceDir)/source/app",
				);
				USER_HEADER_SEARCH_PATHS = (
					.,
					"$(WorkspaceDir)/source",
					"$(WorkspaceDir)/source/include",
					"$(WorkspaceDir)/source/app",
					"$(WorkspaceDir)/source/app/include",
					"$(WorkspaceDir)/operating-system",
					"$(WorkspaceDir)/operating-system/operating-system-$(PLATFORM_MODIFIER)",
					"$(WorkspaceDir)/operating-system/operating-system-$(PLATFORM_MODIFIER)/include",
					"$(WorkspaceDir)/source/port/include",
					"$(WorkspaceDir)/source/port",
					"$(WorkspaceDir)/operating-system/third-$(PLATFORM_MODIFIER)/third/include/include",
					"$(WorkspaceDir)/operating-system/third-$(PLATFORM_MODIFIER)/third/include",
					"$(PROJECT_DIR)",
					"$(PROJECT_DIR)/..",
					"$(PROJECT_DIR)/../..",
					"$(HOME)/sensitive/sensitive/include",
				);
				USE_HEADERMAP = NO;
				VALIDATE_PRODUCT = YES;
				WorkspaceDir = "$(SRCROOT)/../../..";
			};
			name = Release;
		};
		9A48899024EB48DE00119EC4 /* Debug */ = {
			isa = XCBuildConfiguration;
			buildSettings = {
				CODE_SIGN_STYLE = Automatic;
				DEVELOPMENT_TEAM = L8N5V6TZE5;
				DYLIB_COMPATIBILITY_VERSION = 1;
				DYLIB_CURRENT_VERSION = 1;
				EXECUTABLE_PREFIX = lib;
				PLATFORM_MODIFIER = macos;
				SKIP_INSTALL = YES;
			};
			name = Debug;
		};
		9A48899124EB48DE00119EC4 /* Release */ = {
			isa = XCBuildConfiguration;
			buildSettings = {
				CODE_SIGN_STYLE = Automatic;
				DEVELOPMENT_TEAM = L8N5V6TZE5;
				DYLIB_COMPATIBILITY_VERSION = 1;
				DYLIB_CURRENT_VERSION = 1;
				EXECUTABLE_PREFIX = lib;
				PLATFORM_MODIFIER = macos;
				SKIP_INSTALL = YES;
			};
			name = Release;
		};
		9A882E7528449DBC004113D1 /* Debug */ = {
			isa = XCBuildConfiguration;
			buildSettings = {
				EXECUTABLE_EXTENSION = a;
				EXECUTABLE_PREFIX = lib;
				MACH_O_TYPE = staticlib;
				PLATFORM_MODIFIER = ios;
				SDKROOT = iphoneos;
			};
			name = Debug;
		};
		9A882E7628449DBC004113D1 /* Release */ = {
			isa = XCBuildConfiguration;
			buildSettings = {
				EXECUTABLE_EXTENSION = a;
				EXECUTABLE_PREFIX = lib;
				MACH_O_TYPE = staticlib;
				PLATFORM_MODIFIER = ios;
				SDKROOT = iphoneos;
			};
			name = Release;
		};
/* End XCBuildConfiguration section */

/* Begin XCConfigurationList section */
		9A48898124EB48DE00119EC4 /* Build configuration list for PBXProject "app_message_box" */ = {
			isa = XCConfigurationList;
			buildConfigurations = (
				9A48898D24EB48DE00119EC4 /* Debug */,
				9A48898E24EB48DE00119EC4 /* Release */,
			);
			defaultConfigurationIsVisible = 0;
			defaultConfigurationName = Release;
		};
		9A48898F24EB48DE00119EC4 /* Build configuration list for PBXNativeTarget "app_message_box" */ = {
			isa = XCConfigurationList;
			buildConfigurations = (
				9A48899024EB48DE00119EC4 /* Debug */,
				9A48899124EB48DE00119EC4 /* Release */,
			);
			defaultConfigurationIsVisible = 0;
			defaultConfigurationName = Release;
		};
		9A882E7428449DBC004113D1 /* Build configuration list for PBXNativeTarget "ios_app_message_box" */ = {
			isa = XCConfigurationList;
			buildConfigurations = (
				9A882E7528449DBC004113D1 /* Debug */,
				9A882E7628449DBC004113D1 /* Release */,
			);
			defaultConfigurationIsVisible = 0;
			defaultConfigurationName = Release;
		};
/* End XCConfigurationList section */
	};
	rootObject = 9A48897E24EB48DE00119EC4 /* Project object */;
}
