// !$*UTF8*$!
{
	archiveVersion = 1;
	classes = {
	};
	objectVersion = 46;
	objects = {

/* Begin PBXBuildFile section */
		9A0FA4632454A5B000E0C30E /* api.cpp in Sources */ = {isa = PBXBuildFile; fileRef = 9A0FA4612454A5B000E0C30E /* api.cpp */; };
		9A0FA4642454A5B000E0C30E /* api.h in Headers */ = {isa = PBXBuildFile; fileRef = 9A0FA4622454A5B000E0C30E /* api.h */; };
		9A0FA61F2454ADB900E0C30E /* libaura.dylib in Frameworks */ = {isa = PBXBuildFile; fileRef = 9A0FA6182454AD9F00E0C30E /* libaura.dylib */; };
		9A57DB481F211FEC0001548E /* framework.cpp in Sources */ = {isa = PBXBuildFile; fileRef = 9A57DB251F211FEC0001548E /* framework.cpp */; };
		9A57DB491F211FEC0001548E /* framework.h in Headers */ = {isa = PBXBuildFile; fileRef = 9A57DB261F211FEC0001548E /* framework.h */; };
/* End PBXBuildFile section */

/* Begin PBXContainerItemProxy section */
		9A0FA6172454AD9F00E0C30E /* PBXContainerItemProxy */ = {
			isa = PBXContainerItemProxy;
			containerPortal = 9A0FA6112454AD9E00E0C30E /* aura.xcodeproj */;
			proxyType = 2;
			remoteGlobalIDString = 9A98A6151771D67E000AE16E;
			remoteInfo = aura;
		};
		9A0FA6192454AD9F00E0C30E /* PBXContainerItemProxy */ = {
			isa = PBXContainerItemProxy;
			containerPortal = 9A0FA6112454AD9E00E0C30E /* aura.xcodeproj */;
			proxyType = 2;
			remoteGlobalIDString = 077A080B1B4D7403001C85FF;
			remoteInfo = ios_aura;
		};
		9A0FA61B2454AD9F00E0C30E /* PBXContainerItemProxy */ = {
			isa = PBXContainerItemProxy;
			containerPortal = 9A0FA6112454AD9E00E0C30E /* aura.xcodeproj */;
			proxyType = 2;
			remoteGlobalIDString = 9AE24D431904CEFE001AEFFB;
			remoteInfo = aura_iosTests;
		};
		9A0FA61D2454ADB100E0C30E /* PBXContainerItemProxy */ = {
			isa = PBXContainerItemProxy;
			containerPortal = 9A0FA6112454AD9E00E0C30E /* aura.xcodeproj */;
			proxyType = 1;
			remoteGlobalIDString = 9A98A6031771D67E000AE16E;
			remoteInfo = aura;
		};
/* End PBXContainerItemProxy section */

/* Begin PBXCopyFilesBuildPhase section */
		9AE24E881904CFFD001AEFFB /* CopyFiles */ = {
			isa = PBXCopyFilesBuildPhase;
			buildActionMask = 2147483647;
			dstPath = "include/$(PRODUCT_NAME)";
			dstSubfolderSpec = 16;
			files = (
			);
			runOnlyForDeploymentPostprocessing = 0;
		};
/* End PBXCopyFilesBuildPhase section */

/* Begin PBXFileReference section */
		9A0FA4612454A5B000E0C30E /* api.cpp */ = {isa = PBXFileReference; fileEncoding = 4; lastKnownFileType = sourcecode.cpp.cpp; path = api.cpp; sourceTree = "<group>"; };
		9A0FA4622454A5B000E0C30E /* api.h */ = {isa = PBXFileReference; fileEncoding = 4; lastKnownFileType = sourcecode.c.h; path = api.h; sourceTree = "<group>"; };
		9A0FA6112454AD9E00E0C30E /* aura.xcodeproj */ = {isa = PBXFileReference; lastKnownFileType = "wrapper.pb-project"; name = aura.xcodeproj; path = ../../app/aura/aura.xcodeproj; sourceTree = "<group>"; };
		9A57DB251F211FEC0001548E /* framework.cpp */ = {isa = PBXFileReference; fileEncoding = 4; lastKnownFileType = sourcecode.cpp.cpp; path = framework.cpp; sourceTree = "<group>"; };
		9A57DB261F211FEC0001548E /* framework.h */ = {isa = PBXFileReference; fileEncoding = 4; lastKnownFileType = sourcecode.c.h; path = framework.h; sourceTree = "<group>"; };
		9AE24E8A1904CFFD001AEFFB /* libios_youtube.dylib */ = {isa = PBXFileReference; explicitFileType = archive.ar; includeInIndex = 0; path = libios_youtube.dylib; sourceTree = BUILT_PRODUCTS_DIR; };
		9AEB75A316F78DF10085103B /* libapi_gool.dylib */ = {isa = PBXFileReference; explicitFileType = "compiled.mach-o.dylib"; includeInIndex = 0; path = libapi_gool.dylib; sourceTree = BUILT_PRODUCTS_DIR; };
/* End PBXFileReference section */

/* Begin PBXFrameworksBuildPhase section */
		9AE24E871904CFFD001AEFFB /* Frameworks */ = {
			isa = PBXFrameworksBuildPhase;
			buildActionMask = 2147483647;
			files = (
			);
			runOnlyForDeploymentPostprocessing = 0;
		};
		9AEB75A016F78DF10085103B /* Frameworks */ = {
			isa = PBXFrameworksBuildPhase;
			buildActionMask = 2147483647;
			files = (
				9A0FA61F2454ADB900E0C30E /* libaura.dylib in Frameworks */,
			);
			runOnlyForDeploymentPostprocessing = 0;
		};
/* End PBXFrameworksBuildPhase section */

/* Begin PBXGroup section */
		9A0FA6122454AD9E00E0C30E /* Products */ = {
			isa = PBXGroup;
			children = (
				9A0FA6182454AD9F00E0C30E /* libaura.dylib */,
				9A0FA61A2454AD9F00E0C30E /* libios_aura.a */,
				9A0FA61C2454AD9F00E0C30E /* aura_iosTests.xctest */,
			);
			name = Products;
			sourceTree = "<group>";
		};
		9A2F5FA11FA11693006CA37F /* Frameworks */ = {
			isa = PBXGroup;
			children = (
			);
			name = Frameworks;
			sourceTree = "<group>";
		};
		9A57DB201F211FEC0001548E /* youtube */ = {
			isa = PBXGroup;
			children = (
				9A0FA4612454A5B000E0C30E /* api.cpp */,
				9A0FA4622454A5B000E0C30E /* api.h */,
				9A57DB251F211FEC0001548E /* framework.cpp */,
				9A57DB261F211FEC0001548E /* framework.h */,
			);
			name = youtube;
			sourceTree = "<group>";
		};
		9AEB759A16F78DF10085103B = {
			isa = PBXGroup;
			children = (
				9A0FA6112454AD9E00E0C30E /* aura.xcodeproj */,
				9A57DB201F211FEC0001548E /* youtube */,
				9AEB75A416F78DF10085103B /* Products */,
				9A2F5FA11FA11693006CA37F /* Frameworks */,
			);
			sourceTree = "<group>";
		};
		9AEB75A416F78DF10085103B /* Products */ = {
			isa = PBXGroup;
			children = (
				9AEB75A316F78DF10085103B /* libapi_gool.dylib */,
				9AE24E8A1904CFFD001AEFFB /* libios_youtube.dylib */,
			);
			name = Products;
			sourceTree = "<group>";
		};
/* End PBXGroup section */

/* Begin PBXHeadersBuildPhase section */
		9AEB75A116F78DF10085103B /* Headers */ = {
			isa = PBXHeadersBuildPhase;
			buildActionMask = 2147483647;
			files = (
				9A57DB491F211FEC0001548E /* framework.h in Headers */,
				9A0FA4642454A5B000E0C30E /* api.h in Headers */,
			);
			runOnlyForDeploymentPostprocessing = 0;
		};
/* End PBXHeadersBuildPhase section */

/* Begin PBXNativeTarget section */
		9AE24E891904CFFD001AEFFB /* ios_youtube */ = {
			isa = PBXNativeTarget;
			buildConfigurationList = 9AE24EBA1904CFFD001AEFFB /* Build configuration list for PBXNativeTarget "ios_youtube" */;
			buildPhases = (
				9AE24E861904CFFD001AEFFB /* Sources */,
				9AE24E871904CFFD001AEFFB /* Frameworks */,
				9AE24E881904CFFD001AEFFB /* CopyFiles */,
			);
			buildRules = (
			);
			dependencies = (
			);
			name = ios_youtube;
			productName = app_core_hellomultiverse_ios;
			productReference = 9AE24E8A1904CFFD001AEFFB /* libios_youtube.dylib */;
			productType = "com.apple.product-type.library.static";
		};
		9AEB75A216F78DF10085103B /* api_gool */ = {
			isa = PBXNativeTarget;
			buildConfigurationList = 9AEB75A716F78DF10085103B /* Build configuration list for PBXNativeTarget "api_gool" */;
			buildPhases = (
				9AEB759F16F78DF10085103B /* Sources */,
				9AEB75A016F78DF10085103B /* Frameworks */,
				9AEB75A116F78DF10085103B /* Headers */,
			);
			buildRules = (
			);
			dependencies = (
				9A0FA61E2454ADB100E0C30E /* PBXTargetDependency */,
			);
			name = api_gool;
			productName = app_core_hellomultiverse;
			productReference = 9AEB75A316F78DF10085103B /* libapi_gool.dylib */;
			productType = "com.apple.product-type.library.dynamic";
		};
/* End PBXNativeTarget section */

/* Begin PBXProject section */
		9AEB759B16F78DF10085103B /* Project object */ = {
			isa = PBXProject;
			attributes = {
				LastUpgradeCheck = 1310;
				ORGANIZATIONNAME = "Camilo Sasuke Tsumanuma";
			};
			buildConfigurationList = 9AEB759E16F78DF10085103B /* Build configuration list for PBXProject "api_google" */;
			compatibilityVersion = "Xcode 3.2";
			developmentRegion = en;
			hasScannedForEncodings = 0;
			knownRegions = (
				en,
				Base,
			);
			mainGroup = 9AEB759A16F78DF10085103B;
			productRefGroup = 9AEB75A416F78DF10085103B /* Products */;
			projectDirPath = "";
			projectReferences = (
				{
					ProductGroup = 9A0FA6122454AD9E00E0C30E /* Products */;
					ProjectRef = 9A0FA6112454AD9E00E0C30E /* aura.xcodeproj */;
				},
			);
			projectRoot = "";
			targets = (
				9AEB75A216F78DF10085103B /* api_gool */,
				9AE24E891904CFFD001AEFFB /* ios_youtube */,
			);
		};
/* End PBXProject section */

/* Begin PBXReferenceProxy section */
		9A0FA6182454AD9F00E0C30E /* libaura.dylib */ = {
			isa = PBXReferenceProxy;
			fileType = "compiled.mach-o.dylib";
			path = libaura.dylib;
			remoteRef = 9A0FA6172454AD9F00E0C30E /* PBXContainerItemProxy */;
			sourceTree = BUILT_PRODUCTS_DIR;
		};
		9A0FA61A2454AD9F00E0C30E /* libios_aura.a */ = {
			isa = PBXReferenceProxy;
			fileType = archive.ar;
			path = libios_aura.a;
			remoteRef = 9A0FA6192454AD9F00E0C30E /* PBXContainerItemProxy */;
			sourceTree = BUILT_PRODUCTS_DIR;
		};
		9A0FA61C2454AD9F00E0C30E /* aura_iosTests.xctest */ = {
			isa = PBXReferenceProxy;
			fileType = wrapper.cfbundle;
			path = aura_iosTests.xctest;
			remoteRef = 9A0FA61B2454AD9F00E0C30E /* PBXContainerItemProxy */;
			sourceTree = BUILT_PRODUCTS_DIR;
		};
/* End PBXReferenceProxy section */

/* Begin PBXSourcesBuildPhase section */
		9AE24E861904CFFD001AEFFB /* Sources */ = {
			isa = PBXSourcesBuildPhase;
			buildActionMask = 2147483647;
			files = (
			);
			runOnlyForDeploymentPostprocessing = 0;
		};
		9AEB759F16F78DF10085103B /* Sources */ = {
			isa = PBXSourcesBuildPhase;
			buildActionMask = 2147483647;
			files = (
				9A0FA4632454A5B000E0C30E /* api.cpp in Sources */,
				9A57DB481F211FEC0001548E /* framework.cpp in Sources */,
			);
			runOnlyForDeploymentPostprocessing = 0;
		};
/* End PBXSourcesBuildPhase section */

/* Begin PBXTargetDependency section */
		9A0FA61E2454ADB100E0C30E /* PBXTargetDependency */ = {
			isa = PBXTargetDependency;
			name = aura;
			targetProxy = 9A0FA61D2454ADB100E0C30E /* PBXContainerItemProxy */;
		};
/* End PBXTargetDependency section */

/* Begin XCBuildConfiguration section */
		9AE24EAA1904CFFD001AEFFB /* Debug */ = {
			isa = XCBuildConfiguration;
			buildSettings = {
				DSTROOT = /tmp/app_core_hellomultiverse_ios.dst;
				EXECUTABLE_EXTENSION = dylib;
				INSTALL_PATH = "@executable_path/../Frameworks";
				MACH_O_TYPE = mh_dylib;
				SDKROOT = iphoneos;
				SKIP_INSTALL = NO;
			};
			name = Debug;
		};
		9AE24EAB1904CFFD001AEFFB /* Release */ = {
			isa = XCBuildConfiguration;
			buildSettings = {
				DSTROOT = /tmp/app_core_hellomultiverse_ios.dst;
				EXECUTABLE_EXTENSION = dylib;
				INSTALL_PATH = "@executable_path/../Frameworks";
				MACH_O_TYPE = mh_dylib;
				SDKROOT = iphoneos;
				SKIP_INSTALL = NO;
			};
			name = Release;
		};
		9AEB75A516F78DF10085103B /* Debug */ = {
			isa = XCBuildConfiguration;
			buildSettings = {
				ALWAYS_SEARCH_USER_PATHS = NO;
				CLANG_ANALYZER_DEADCODE_DEADSTORES = NO;
				CLANG_ANALYZER_LOCALIZABILITY_NONLOCALIZED = YES;
				CLANG_CXX_LANGUAGE_STANDARD = "c++17";
				CLANG_CXX_LIBRARY = "libc++";
				CLANG_ENABLE_OBJC_ARC = YES;
				CLANG_STATIC_ANALYZER_MODE_ON_ANALYZE_ACTION = shallow;
				CLANG_WARN_BLOCK_CAPTURE_AUTORELEASING = YES;
				CLANG_WARN_BOOL_CONVERSION = YES;
				CLANG_WARN_COMMA = YES;
				CLANG_WARN_CONSTANT_CONVERSION = YES;
				CLANG_WARN_DEPRECATED_OBJC_IMPLEMENTATIONS = YES;
				CLANG_WARN_DIRECT_OBJC_ISA_USAGE = YES_ERROR;
				CLANG_WARN_EMPTY_BODY = YES;
				CLANG_WARN_ENUM_CONVERSION = YES;
				CLANG_WARN_INFINITE_RECURSION = YES;
				CLANG_WARN_INT_CONVERSION = YES;
				CLANG_WARN_NON_LITERAL_NULL_CONVERSION = YES;
				CLANG_WARN_OBJC_IMPLICIT_RETAIN_SELF = YES;
				CLANG_WARN_OBJC_LITERAL_CONVERSION = YES;
				CLANG_WARN_OBJC_ROOT_CLASS = YES_ERROR;
				CLANG_WARN_PRAGMA_PACK = NO;
				CLANG_WARN_QUOTED_INCLUDE_IN_FRAMEWORK_HEADER = YES;
				CLANG_WARN_RANGE_LOOP_ANALYSIS = YES;
				CLANG_WARN_STRICT_PROTOTYPES = YES;
				CLANG_WARN_SUSPICIOUS_MOVE = YES;
				CLANG_WARN_UNREACHABLE_CODE = YES;
				CLANG_WARN__DUPLICATE_METHOD_MATCH = YES;
				COPY_PHASE_STRIP = NO;
				DEBUG_INFORMATION_FORMAT = "dwarf-with-dsym";
				DEPLOYMENT_POSTPROCESSING = YES;
				ENABLE_STRICT_OBJC_MSGSEND = YES;
				ENABLE_TESTABILITY = YES;
				EXECUTABLE_PREFIX = lib;
				GCC_C_LANGUAGE_STANDARD = c99;
				GCC_DYNAMIC_NO_PIC = NO;
				GCC_ENABLE_OBJC_EXCEPTIONS = YES;
				GCC_NO_COMMON_BLOCKS = YES;
				GCC_OPTIMIZATION_LEVEL = 0;
				GCC_PRECOMPILE_PREFIX_HEADER = YES;
				GCC_PREFIX_HEADER = framework.h;
				GCC_PREPROCESSOR_DEFINITIONS = (
					"DEBUG=1",
					"$(inherited)",
				);
				GCC_SYMBOLS_PRIVATE_EXTERN = NO;
				GCC_WARN_64_TO_32_BIT_CONVERSION = YES;
				GCC_WARN_ABOUT_RETURN_TYPE = YES_ERROR;
				GCC_WARN_UNDECLARED_SELECTOR = YES;
				GCC_WARN_UNINITIALIZED_AUTOS = YES_AGGRESSIVE;
				GCC_WARN_UNUSED_FUNCTION = YES;
				GCC_WARN_UNUSED_VARIABLE = YES;
				HEADER_SEARCH_PATHS = "";
				INSTALL_PATH = "@executable_path";
				IPHONEOS_DEPLOYMENT_TARGET = 12.0;
				LD_RUNPATH_SEARCH_PATHS = "@loader_path";
				LIBRARY_SEARCH_PATHS = (
					"$(inherited)",
					"$(TARGET_BUILD_DIR)",
				);
				MACOSX_DEPLOYMENT_TARGET = 10.8;
				ONLY_ACTIVE_ARCH = YES;
				PRODUCT_NAME = "$(TARGET_NAME)";
				SDKROOT = macosx;
				SKIP_INSTALL = YES;
				SYSTEM_HEADER_SEARCH_PATHS = "$(WorkspaceDir)/operating-system $(WorkspaceDir)/operating-system/operating-system-$(PLATFORM_MODIFIER) $(WorkspaceDir)/source/app $(WorkspaceDir)/source/app/include $(WorkspaceDir)/operating-system $(WorkspaceDir)/operating-system/operating-system-$(PLATFORM_MODIFIER)/include $(WorkspaceDir)/source/port/include $(WorkspaceDir)/source/port $(WorkspaceDir)/operating-system $(WorkspaceDir)/operating-system/third-$(PLATFORM_MODIFIER)/third/include/include $(WorkspaceDir)/operating-system $(WorkspaceDir)/operating-system/third-$(PLATFORM_MODIFIER)/third/include";
				USER_HEADER_SEARCH_PATHS = "$(WorkspaceDir)/source $(WorkspaceDir)/source/include $(WorkspaceDir) $(WorkspaceDir)/source/app $(WorkspaceDir)/source/app/include $(WorkspaceDir)/operating-system $(WorkspaceDir)/operating-system/operating-system-$(PLATFORM_MODIFIER) $(PROJECT_DIR)/.. $(PROJECT_DIR) .";
				USE_HEADERMAP = NO;
				WorkspaceDir = "$(SRCROOT)/../../..";
			};
			name = Debug;
		};
		9AEB75A616F78DF10085103B /* Release */ = {
			isa = XCBuildConfiguration;
			buildSettings = {
				ALWAYS_SEARCH_USER_PATHS = NO;
				CLANG_ANALYZER_DEADCODE_DEADSTORES = NO;
				CLANG_ANALYZER_LOCALIZABILITY_NONLOCALIZED = YES;
				CLANG_CXX_LANGUAGE_STANDARD = "c++17";
				CLANG_CXX_LIBRARY = "libc++";
				CLANG_ENABLE_OBJC_ARC = YES;
				CLANG_STATIC_ANALYZER_MODE_ON_ANALYZE_ACTION = shallow;
				CLANG_WARN_BLOCK_CAPTURE_AUTORELEASING = YES;
				CLANG_WARN_BOOL_CONVERSION = YES;
				CLANG_WARN_COMMA = YES;
				CLANG_WARN_CONSTANT_CONVERSION = YES;
				CLANG_WARN_DEPRECATED_OBJC_IMPLEMENTATIONS = YES;
				CLANG_WARN_DIRECT_OBJC_ISA_USAGE = YES_ERROR;
				CLANG_WARN_EMPTY_BODY = YES;
				CLANG_WARN_ENUM_CONVERSION = YES;
				CLANG_WARN_INFINITE_RECURSION = YES;
				CLANG_WARN_INT_CONVERSION = YES;
				CLANG_WARN_NON_LITERAL_NULL_CONVERSION = YES;
				CLANG_WARN_OBJC_IMPLICIT_RETAIN_SELF = YES;
				CLANG_WARN_OBJC_LITERAL_CONVERSION = YES;
				CLANG_WARN_OBJC_ROOT_CLASS = YES_ERROR;
				CLANG_WARN_PRAGMA_PACK = NO;
				CLANG_WARN_QUOTED_INCLUDE_IN_FRAMEWORK_HEADER = YES;
				CLANG_WARN_RANGE_LOOP_ANALYSIS = YES;
				CLANG_WARN_STRICT_PROTOTYPES = YES;
				CLANG_WARN_SUSPICIOUS_MOVE = YES;
				CLANG_WARN_UNREACHABLE_CODE = YES;
				CLANG_WARN__DUPLICATE_METHOD_MATCH = YES;
				COPY_PHASE_STRIP = YES;
				DEBUG_INFORMATION_FORMAT = "dwarf-with-dsym";
				DEPLOYMENT_POSTPROCESSING = YES;
				ENABLE_STRICT_OBJC_MSGSEND = YES;
				EXECUTABLE_PREFIX = lib;
				GCC_C_LANGUAGE_STANDARD = c99;
				GCC_ENABLE_OBJC_EXCEPTIONS = YES;
				GCC_NO_COMMON_BLOCKS = YES;
				GCC_PRECOMPILE_PREFIX_HEADER = YES;
				GCC_PREFIX_HEADER = framework.h;
				GCC_WARN_64_TO_32_BIT_CONVERSION = YES;
				GCC_WARN_ABOUT_RETURN_TYPE = YES_ERROR;
				GCC_WARN_UNDECLARED_SELECTOR = YES;
				GCC_WARN_UNINITIALIZED_AUTOS = YES_AGGRESSIVE;
				GCC_WARN_UNUSED_FUNCTION = YES;
				GCC_WARN_UNUSED_VARIABLE = YES;
				HEADER_SEARCH_PATHS = "";
				INSTALL_PATH = "@executable_path";
				IPHONEOS_DEPLOYMENT_TARGET = 12.0;
				LD_RUNPATH_SEARCH_PATHS = "@loader_path";
				LIBRARY_SEARCH_PATHS = (
					"$(inherited)",
					"$(TARGET_BUILD_DIR)",
				);
				MACOSX_DEPLOYMENT_TARGET = 10.8;
				PRODUCT_NAME = "$(TARGET_NAME)";
				SDKROOT = macosx;
				SKIP_INSTALL = YES;
				SYSTEM_HEADER_SEARCH_PATHS = "$(WorkspaceDir)/operating-system $(WorkspaceDir)/operating-system/operating-system-$(PLATFORM_MODIFIER) $(WorkspaceDir)/source/app $(WorkspaceDir)/source/app/include $(WorkspaceDir)/operating-system $(WorkspaceDir)/operating-system/operating-system-$(PLATFORM_MODIFIER)/include $(WorkspaceDir)/source/port/include $(WorkspaceDir)/source/port $(WorkspaceDir)/operating-system $(WorkspaceDir)/operating-system/third-$(PLATFORM_MODIFIER)/third/include/include $(WorkspaceDir)/operating-system $(WorkspaceDir)/operating-system/third-$(PLATFORM_MODIFIER)/third/include";
				USER_HEADER_SEARCH_PATHS = "$(WorkspaceDir)/source $(WorkspaceDir)/source/include $(WorkspaceDir) $(WorkspaceDir)/source/app $(WorkspaceDir)/source/app/include $(WorkspaceDir)/operating-system $(WorkspaceDir)/operating-system/operating-system-$(PLATFORM_MODIFIER) $(PROJECT_DIR)/.. $(PROJECT_DIR) .";
				USE_HEADERMAP = NO;
				VALIDATE_PRODUCT = YES;
				WorkspaceDir = "$(SRCROOT)/../../..";
			};
			name = Release;
		};
		9AEB75A816F78DF10085103B /* Debug */ = {
			isa = XCBuildConfiguration;
			buildSettings = {
				COMBINE_HIDPI_IMAGES = YES;
				GCC_PREPROCESSOR_DEFINITIONS = (
					USE_OS_IMAGE_LOADER,
					_DEBUG,
				);
				HEADER_SEARCH_PATHS = "";
				LIBRARY_SEARCH_PATHS = (
					"$(inherited)",
					"$(WorkspaceDir)/operating-system",
					"$(WorkspaceDir)/operating-system/operating-system-$(PLATFORM_MODIFIER)/storage-macos/library/Debug",
					"$(TARGET_BUILD_DIR)",
				);
				SYSTEM_HEADER_SEARCH_PATHS = "$(WorkspaceDir)/operating-system $(WorkspaceDir)/operating-system/third-$(PLATFORM_MODIFIER)/include $(WorkspaceDir)/source/port/include $(WorkspaceDir)/source/port $(WorkspaceDir)/operating-system $(WorkspaceDir)/operating-system/third-$(PLATFORM_MODIFIER)/third/include/include $(WorkspaceDir)/operating-system $(WorkspaceDir)/operating-system/third-$(PLATFORM_MODIFIER)/third/include $(WorkspaceDir)/source/app $(WorkspaceDir)/source/app/include $(WorkspaceDir)/operating-system $(WorkspaceDir)/operating-system/operating-system-$(PLATFORM_MODIFIER)/include $(WorkspaceDir)/source/port/include $(WorkspaceDir)/source/port $(WorkspaceDir)/operating-system $(WorkspaceDir)/operating-system/third-$(PLATFORM_MODIFIER)/third/include/include $(WorkspaceDir)/operating-system $(WorkspaceDir)/operating-system/third-$(PLATFORM_MODIFIER)/third/include/";
				USER_HEADER_SEARCH_PATHS = "$(WorkspaceDir)/source $(WorkspaceDir)/source/include $(WorkspaceDir)/operating-system $(WorkspaceDir)/operating-system/operating-system-$(PLATFORM_MODIFIER) $(WorkspaceDir)/source/app $(WorkspaceDir)/source/app/include $(WorkspaceDir)/operating-system $(WorkspaceDir)/operating-system/operating-system-$(PLATFORM_MODIFIER)/include $(WorkspaceDir)/source/port/include $(WorkspaceDir)/source/port $(WorkspaceDir)/operating-system $(WorkspaceDir)/operating-system/third-$(PLATFORM_MODIFIER)/third/include/include $(WorkspaceDir)/operating-system $(WorkspaceDir)/operating-system/third-$(PLATFORM_MODIFIER)/third/include $(WorkspaceDir)/source/app $(WorkspaceDir)/source/app/include $(WorkspaceDir)/operating-system $(WorkspaceDir)/operating-system/operating-system-$(PLATFORM_MODIFIER) . $(PROJECT_DIR)  $(PROJECT_DIR)/.. $(PROJECT_DIR)/.. $(PROJECT_DIR)/../.. $(HOME)/sensitive/sensitive/include";
			};
			name = Debug;
		};
		9AEB75A916F78DF10085103B /* Release */ = {
			isa = XCBuildConfiguration;
			buildSettings = {
				COMBINE_HIDPI_IMAGES = YES;
				HEADER_SEARCH_PATHS = "";
				LIBRARY_SEARCH_PATHS = (
					"$(inherited)",
					"$(WorkspaceDir)/operating-system",
					"$(WorkspaceDir)/operating-system/operating-system-$(PLATFORM_MODIFIER)/storage-macos/library/Release",
					"$(WorkspaceDir)/platform/thirdparty/library",
					"$(TARGET_BUILD_DIR)",
				);
				SYSTEM_HEADER_SEARCH_PATHS = "$(WorkspaceDir)/operating-system $(WorkspaceDir)/operating-system/third-$(PLATFORM_MODIFIER)/include $(WorkspaceDir)/source/port/include $(WorkspaceDir)/source/port $(WorkspaceDir)/operating-system $(WorkspaceDir)/operating-system/third-$(PLATFORM_MODIFIER)/third/include/include $(WorkspaceDir)/operating-system $(WorkspaceDir)/operating-system/third-$(PLATFORM_MODIFIER)/third/include $(WorkspaceDir)/source/app $(WorkspaceDir)/source/app/include $(WorkspaceDir)/operating-system $(WorkspaceDir)/operating-system/operating-system-$(PLATFORM_MODIFIER)/include $(WorkspaceDir)/source/port/include $(WorkspaceDir)/source/port $(WorkspaceDir)/operating-system $(WorkspaceDir)/operating-system/third-$(PLATFORM_MODIFIER)/third/include/include $(WorkspaceDir)/operating-system $(WorkspaceDir)/operating-system/third-$(PLATFORM_MODIFIER)/third/include/";
				USER_HEADER_SEARCH_PATHS = "$(WorkspaceDir)/source $(WorkspaceDir)/source/include $(WorkspaceDir)/operating-system $(WorkspaceDir)/operating-system/operating-system-$(PLATFORM_MODIFIER) $(WorkspaceDir)/source/app $(WorkspaceDir)/source/app/include $(WorkspaceDir)/operating-system $(WorkspaceDir)/operating-system/operating-system-$(PLATFORM_MODIFIER)/include $(WorkspaceDir)/source/port/include $(WorkspaceDir)/source/port $(WorkspaceDir)/operating-system $(WorkspaceDir)/operating-system/third-$(PLATFORM_MODIFIER)/third/include/include $(WorkspaceDir)/operating-system $(WorkspaceDir)/operating-system/third-$(PLATFORM_MODIFIER)/third/include $(WorkspaceDir)/source/app $(WorkspaceDir)/source/app/include $(WorkspaceDir)/operating-system $(WorkspaceDir)/operating-system/operating-system-$(PLATFORM_MODIFIER) . $(PROJECT_DIR)  $(PROJECT_DIR)/.. $(PROJECT_DIR)/.. $(PROJECT_DIR)/../.. $(HOME)/sensitive/sensitive/include";
			};
			name = Release;
		};
/* End XCBuildConfiguration section */

/* Begin XCConfigurationList section */
		9AE24EBA1904CFFD001AEFFB /* Build configuration list for PBXNativeTarget "ios_youtube" */ = {
			isa = XCConfigurationList;
			buildConfigurations = (
				9AE24EAA1904CFFD001AEFFB /* Debug */,
				9AE24EAB1904CFFD001AEFFB /* Release */,
			);
			defaultConfigurationIsVisible = 0;
			defaultConfigurationName = Release;
		};
		9AEB759E16F78DF10085103B /* Build configuration list for PBXProject "api_google" */ = {
			isa = XCConfigurationList;
			buildConfigurations = (
				9AEB75A516F78DF10085103B /* Debug */,
				9AEB75A616F78DF10085103B /* Release */,
			);
			defaultConfigurationIsVisible = 0;
			defaultConfigurationName = Release;
		};
		9AEB75A716F78DF10085103B /* Build configuration list for PBXNativeTarget "api_gool" */ = {
			isa = XCConfigurationList;
			buildConfigurations = (
				9AEB75A816F78DF10085103B /* Debug */,
				9AEB75A916F78DF10085103B /* Release */,
			);
			defaultConfigurationIsVisible = 0;
			defaultConfigurationName = Release;
		};
/* End XCConfigurationList section */
	};
	rootObject = 9AEB759B16F78DF10085103B /* Project object */;
}
