<?xml version="1.0" encoding="utf-8"?>
<Project ToolsVersion="4.0" xmlns="http://schemas.microsoft.com/developer/msbuild/2003">
  <ItemGroup>
    <Filter Include="Header Files">
      <UniqueIdentifier>{3b3ab7f4-19b1-49c8-b7a1-556b3528f79e}</UniqueIdentifier>
    </Filter>
    <Filter Include="Header Files\base">
      <UniqueIdentifier>{e7d066c3-96b8-476b-86a7-86d4f3de92f9}</UniqueIdentifier>
    </Filter>
    <Filter Include="Header Files\base\os">
      <UniqueIdentifier>{b0824209-1185-4427-98bf-18fb8d79f3a2}</UniqueIdentifier>
    </Filter>
    <Filter Include="Header Files\base\os\cross">
      <UniqueIdentifier>{c88a243d-ea89-44ae-88c1-a7eb12fee78d}</UniqueIdentifier>
    </Filter>
    <Filter Include="Header Files\base\os\cross\windows">
      <UniqueIdentifier>{89cf7ad9-a30d-4539-8f1a-041af7ee39e1}</UniqueIdentifier>
    </Filter>
    <Filter Include="Header Files\base\os\ansios">
      <UniqueIdentifier>{0b2dffd2-f406-4f5e-b72c-797b2005c88b}</UniqueIdentifier>
    </Filter>
    <Filter Include="Header Files\base\node">
      <UniqueIdentifier>{160945ac-b096-4e83-a384-b93571020d06}</UniqueIdentifier>
    </Filter>
    <Filter Include="Header Files\base\node\android">
      <UniqueIdentifier>{03811a81-d7ca-4690-beba-54aa863bb310}</UniqueIdentifier>
    </Filter>
    <Filter Include="Header Files\base\node\ansios">
      <UniqueIdentifier>{fad75534-463b-4712-9fda-24524c72f486}</UniqueIdentifier>
    </Filter>
    <Filter Include="Header Files\base\base">
      <UniqueIdentifier>{3fef69f8-cbac-49fb-bba4-df4a344084ca}</UniqueIdentifier>
    </Filter>
    <Filter Include="Header Files\base\base_policy">
      <UniqueIdentifier>{61304eec-f2ac-453b-9941-7e9552f923f1}</UniqueIdentifier>
    </Filter>
    <Filter Include="Source Files">
      <UniqueIdentifier>{8fcaa52b-d854-4bba-8c7c-f4dc69c374fe}</UniqueIdentifier>
    </Filter>
    <Filter Include="Source Files\user">
      <UniqueIdentifier>{d6aeedea-1f77-489c-81a8-7554eedd8635}</UniqueIdentifier>
    </Filter>
    <Filter Include="Source Files\user\simple_ui">
      <UniqueIdentifier>{1ef4a838-fce4-43e2-a34c-bb43cd4a0a2f}</UniqueIdentifier>
    </Filter>
    <Filter Include="Source Files\user\user">
      <UniqueIdentifier>{0d50d3a5-104c-49b5-94b0-63bb5a793adb}</UniqueIdentifier>
    </Filter>
    <Filter Include="Source Files\user\simple">
      <UniqueIdentifier>{0ab65b17-9853-482b-8bf0-d420cb4c9e71}</UniqueIdentifier>
    </Filter>
    <Filter Include="Source Files\user\userpresence">
      <UniqueIdentifier>{4556a50b-d076-45f2-bdc8-edf2e856c53d}</UniqueIdentifier>
    </Filter>
    <Filter Include="Source Files\user\account">
      <UniqueIdentifier>{599964bd-a6d8-4f91-b5ca-14c00765fb1c}</UniqueIdentifier>
    </Filter>
    <Filter Include="Source Files\graphics">
      <UniqueIdentifier>{fec85b81-471b-4899-991e-feb32ab02a86}</UniqueIdentifier>
    </Filter>
    <Filter Include="Source Files\filesystem">
      <UniqueIdentifier>{3a7eb474-02b3-4c1c-a6d4-353ff2f3bb07}</UniqueIdentifier>
    </Filter>
    <Filter Include="Source Files\filesystem\file">
      <UniqueIdentifier>{28509ec1-96ea-42db-b958-7340412f8e5b}</UniqueIdentifier>
    </Filter>
    <Filter Include="Source Files\base">
      <UniqueIdentifier>{6ed33d01-d052-4a72-9f9e-77b5b4438df3}</UniqueIdentifier>
    </Filter>
    <Filter Include="Source Files\base\os">
      <UniqueIdentifier>{93f0dfa3-4aad-4d38-9f27-aba60b0af802}</UniqueIdentifier>
    </Filter>
    <Filter Include="Source Files\base\base">
      <UniqueIdentifier>{76b7c51c-7bef-40d8-b6e3-3ce5e0931405}</UniqueIdentifier>
    </Filter>
    <Filter Include="Source Files\base\message">
      <UniqueIdentifier>{8cb384aa-d2e7-496c-b5fa-35e9e8e680dd}</UniqueIdentifier>
    </Filter>
    <Filter Include="Source Files\base\node">
      <UniqueIdentifier>{a9ed8987-6901-4cff-aa36-711ef122ebb0}</UniqueIdentifier>
    </Filter>
    <Filter Include="Source Files\base\node\ansios">
      <UniqueIdentifier>{5a967011-37fc-49f8-b09d-35d76892f983}</UniqueIdentifier>
    </Filter>
    <Filter Include="Source Files\base\hotplugin">
      <UniqueIdentifier>{1ae53a88-713d-453d-9dee-e4ce1d55a0f2}</UniqueIdentifier>
    </Filter>
    <Filter Include="Source Files\base\install">
      <UniqueIdentifier>{701ff595-3c1d-4676-8383-a7cc11f8647b}</UniqueIdentifier>
    </Filter>
    <Filter Include="Source Files\database">
      <UniqueIdentifier>{e2458457-af1d-4364-8020-22a5f9dd8eeb}</UniqueIdentifier>
    </Filter>
    <Filter Include="Source Files\database\database">
      <UniqueIdentifier>{cf8f4165-2f1c-4813-96c2-0e012a96e5d1}</UniqueIdentifier>
    </Filter>
    <Filter Include="Source Files\base\os\metrowin">
      <UniqueIdentifier>{97fc2bbd-dc4a-4309-a7e2-9786f857c8c5}</UniqueIdentifier>
    </Filter>
    <Filter Include="Source Files\base\node\metrowin">
      <UniqueIdentifier>{c6f853b9-3507-4f2e-beea-5d006c757a66}</UniqueIdentifier>
    </Filter>
    <Filter Include="Header Files\base\os\metrowin">
      <UniqueIdentifier>{3a2b81d2-221a-47a7-b77a-fac01eaec095}</UniqueIdentifier>
    </Filter>
    <Filter Include="Header Files\base\node\metrowin">
      <UniqueIdentifier>{e01ad26e-a459-4050-b15e-cc570711c165}</UniqueIdentifier>
    </Filter>
    <Filter Include="Header Files\base\node\windows">
      <UniqueIdentifier>{8d43b251-2a63-400f-83a5-e6a9cc2ebe20}</UniqueIdentifier>
    </Filter>
    <Filter Include="Source Files\base\node\windows">
      <UniqueIdentifier>{390f3b77-3809-4053-a3b1-e3f6372e4029}</UniqueIdentifier>
    </Filter>
    <Filter Include="Header Files\user">
      <UniqueIdentifier>{529c4383-9f8b-4552-9cc8-6a27dfc05987}</UniqueIdentifier>
    </Filter>
    <Filter Include="Header Files\user\user">
      <UniqueIdentifier>{99991051-7761-4fd6-bbb4-f3604f3957ca}</UniqueIdentifier>
    </Filter>
  </ItemGroup>
  <ItemGroup>
    <ClInclude Include="framework.h">
      <Filter>Header Files</Filter>
    </ClInclude>
    <ClInclude Include="base\os\cross.h">
      <Filter>Header Files\base\os</Filter>
    </ClInclude>
    <ClInclude Include="base\os\os.h">
      <Filter>Header Files\base\os</Filter>
    </ClInclude>
    <ClInclude Include="base\os\ansios\ansios.h">
      <Filter>Header Files\base\os\ansios</Filter>
    </ClInclude>
    <ClInclude Include="base\node\node.h">
      <Filter>Header Files\base\node</Filter>
    </ClInclude>
    <ClInclude Include="base\node\android\android.h">
      <Filter>Header Files\base\node\android</Filter>
    </ClInclude>
    <ClInclude Include="base\node\android\android1.h">
      <Filter>Header Files\base\node\android</Filter>
    </ClInclude>
    <ClInclude Include="base\node\android\android_factory_exchange.h">
      <Filter>Header Files\base\node\android</Filter>
    </ClInclude>
    <ClInclude Include="base\node\android\android_implementation.h">
      <Filter>Header Files\base\node\android</Filter>
    </ClInclude>
    <ClInclude Include="base\node\ansios\ansios.h">
      <Filter>Header Files\base\node\ansios</Filter>
    </ClInclude>
    <ClInclude Include="base\base\base.h">
      <Filter>Header Files\base\base</Filter>
    </ClInclude>
    <ClInclude Include="base\base\base_application.h">
      <Filter>Header Files\base\base</Filter>
    </ClInclude>
    <ClInclude Include="base\base\base_platform_interface.h">
      <Filter>Header Files\base\base</Filter>
    </ClInclude>
    <ClInclude Include="base\base\base_session.h">
      <Filter>Header Files\base\base</Filter>
    </ClInclude>
    <ClInclude Include="base\base\base_simple_app.h">
      <Filter>Header Files\base\base</Filter>
    </ClInclude>
    <ClInclude Include="base\base\base_static_start.h">
      <Filter>Header Files\base\base</Filter>
    </ClInclude>
    <ClInclude Include="base\base\base_system.h">
      <Filter>Header Files\base\base</Filter>
    </ClInclude>
    <ClInclude Include="base\base_policy\base_c.h">
      <Filter>Header Files\base\base_policy</Filter>
    </ClInclude>
    <ClInclude Include="base\base_policy\base_cpp.h">
      <Filter>Header Files\base\base_policy</Filter>
    </ClInclude>
    <ClInclude Include="base\base_policy\base_policy.h">
      <Filter>Header Files\base\base_policy</Filter>
    </ClInclude>
    <ClInclude Include="base\base_policy\base_policy_objc.h">
      <Filter>Header Files\base\base_policy</Filter>
    </ClInclude>
    <ClInclude Include="base\base_policy\base_policy_objcpp.h">
      <Filter>Header Files\base\base_policy</Filter>
    </ClInclude>
    <ClInclude Include="base\base_policy\base_policy_winrt.h">
      <Filter>Header Files\base\base_policy</Filter>
    </ClInclude>
    <ClInclude Include="base\os\metrowin\ca_os.h">
      <Filter>Header Files\base\os\metrowin</Filter>
    </ClInclude>
    <ClInclude Include="base\os\metrowin\metrowin.h">
      <Filter>Header Files\base\os\metrowin</Filter>
    </ClInclude>
    <ClInclude Include="base\os\metrowin\metrowin_file_watcher.h">
      <Filter>Header Files\base\os\metrowin</Filter>
    </ClInclude>
    <ClInclude Include="base\os\metrowin\metrowin_file_winrt.h">
      <Filter>Header Files\base\os\metrowin</Filter>
    </ClInclude>
    <ClInclude Include="base\os\metrowin\metrowin_internal.h">
      <Filter>Header Files\base\os\metrowin</Filter>
    </ClInclude>
    <ClInclude Include="base\os\metrowin\metrowin_process.h">
      <Filter>Header Files\base\os\metrowin</Filter>
    </ClInclude>
    <ClInclude Include="base\os\metrowin\metrowin_simple_hold_handle.h">
      <Filter>Header Files\base\os\metrowin</Filter>
    </ClInclude>
    <ClInclude Include="base\os\metrowin\metrowin_sockets.h">
      <Filter>Header Files\base\os\metrowin</Filter>
    </ClInclude>
    <ClInclude Include="base\node\metrowin\metrowin.h">
      <Filter>Header Files\base\node\metrowin</Filter>
    </ClInclude>
    <ClInclude Include="base\node\metrowin\metrowin_factory_exchange.h">
      <Filter>Header Files\base\node\metrowin</Filter>
    </ClInclude>
    <ClInclude Include="base\os\metrowin\metrowin_window_impl.h">
      <Filter>Header Files\base\os\metrowin</Filter>
    </ClInclude>
    <ClInclude Include="base\node\metrowin\metrowin_directx.h">
      <Filter>Header Files\base\node\metrowin</Filter>
    </ClInclude>
    <ClInclude Include="base\node\metrowin\metrowin_directx_application.h">
      <Filter>Header Files\base\node\metrowin</Filter>
    </ClInclude>
    <ClInclude Include="base\node\metrowin\metrowin_interaction_impl.h">
      <Filter>Header Files\base\node\metrowin</Filter>
    </ClInclude>
    <ClInclude Include="base\node\metrowin\metrowin_window_draw.h">
      <Filter>Header Files\base\node\metrowin</Filter>
    </ClInclude>
    <ClInclude Include="user\user\user_plain_edit.h">
      <Filter>Header Files\user\user</Filter>
    </ClInclude>
    <ClInclude Include="user\user\user_plain_text_data.h">
      <Filter>Header Files\user\user</Filter>
    </ClInclude>
  </ItemGroup>
  <ItemGroup>
    <None Include="base\base\base.inl">
      <Filter>Header Files\base\base</Filter>
    </None>
    <None Include="base\base\base_system_xml.inl">
      <Filter>Header Files\base\base</Filter>
    </None>
    <None Include="base.def">
      <Filter>Source Files</Filter>
    </None>
  </ItemGroup>
  <ItemGroup>
    <ClCompile Include="framework.cpp">
      <Filter>Source Files</Filter>
    </ClCompile>
    <ClCompile Include="user\simple_ui\simple_ui_edit_box.cpp">
      <Filter>Source Files\user\simple_ui</Filter>
    </ClCompile>
    <ClCompile Include="user\simple_ui\simple_ui_interaction.cpp">
      <Filter>Source Files\user\simple_ui</Filter>
    </ClCompile>
    <ClCompile Include="user\simple_ui\simple_ui_label.cpp">
      <Filter>Source Files\user\simple_ui</Filter>
    </ClCompile>
    <ClCompile Include="user\simple_ui\simple_ui_message_box.cpp">
      <Filter>Source Files\user\simple_ui</Filter>
    </ClCompile>
    <ClCompile Include="user\simple_ui\simple_ui_password.cpp">
      <Filter>Source Files\user\simple_ui</Filter>
    </ClCompile>
    <ClCompile Include="user\simple_ui\simple_ui_style.cpp">
      <Filter>Source Files\user\simple_ui</Filter>
    </ClCompile>
    <ClCompile Include="user\simple_ui\simple_ui_tap.cpp">
      <Filter>Source Files\user\simple_ui</Filter>
    </ClCompile>
    <ClCompile Include="user\user\user.cpp">
      <Filter>Source Files\user\user</Filter>
    </ClCompile>
    <ClCompile Include="user\user\aaa_want_to_remove_user_buffer.cpp">
      <Filter>Source Files\user\user</Filter>
    </ClCompile>
    <ClCompile Include="user\user\user_control.cpp">
      <Filter>Source Files\user\user</Filter>
    </ClCompile>
    <ClCompile Include="user\user\user_control_bar.cpp">
      <Filter>Source Files\user\user</Filter>
    </ClCompile>
    <ClCompile Include="user\user\user_control_event.cpp">
      <Filter>Source Files\user\user</Filter>
    </ClCompile>
    <ClCompile Include="user\user\user_edit_plain_text.cpp">
      <Filter>Source Files\user\user</Filter>
    </ClCompile>
    <ClCompile Include="user\user\user_elemental.cpp">
      <Filter>Source Files\user\user</Filter>
    </ClCompile>
    <ClCompile Include="user\user\user_form_interface.cpp">
      <Filter>Source Files\user\user</Filter>
    </ClCompile>
    <ClCompile Include="user\user\user_frame_window.cpp">
      <Filter>Source Files\user\user</Filter>
    </ClCompile>
    <ClCompile Include="user\user\user_impact.cpp">
      <Filter>Source Files\user\user</Filter>
    </ClCompile>
    <ClCompile Include="user\user\user_impact_system.cpp">
      <Filter>Source Files\user\user</Filter>
    </ClCompile>
    <ClCompile Include="user\user\aaa_want_to_remove_user_impact_update_hint.cpp">
      <Filter>Source Files\user\user</Filter>
    </ClCompile>
    <ClCompile Include="user\user\user_interaction.cpp">
      <Filter>Source Files\user\user</Filter>
    </ClCompile>
    <ClCompile Include="user\user\user_interaction_impl_base.cpp">
      <Filter>Source Files\user\user</Filter>
    </ClCompile>
    <ClCompile Include="user\user\user_job.cpp">
      <Filter>Source Files\user\user</Filter>
    </ClCompile>
    <ClCompile Include="user\user\user_keyboard.cpp">
      <Filter>Source Files\user\user</Filter>
    </ClCompile>
    <ClCompile Include="user\user\aaa_want_to_remove_user_keyboard_focus.cpp">
      <Filter>Source Files\user\user</Filter>
    </ClCompile>
    <ClCompile Include="user\user\user_keyboard_layout.cpp">
      <Filter>Source Files\user\user</Filter>
    </ClCompile>
    <ClCompile Include="user\user\user_menu_base.cpp">
      <Filter>Source Files\user\user</Filter>
    </ClCompile>
    <ClCompile Include="user\user\user_menu_base_item.cpp">
      <Filter>Source Files\user\user</Filter>
    </ClCompile>
    <ClCompile Include="user\user\user_message.cpp">
      <Filter>Source Files\user\user</Filter>
    </ClCompile>
    <ClCompile Include="user\user\aaa_want_to_remove_user_mouse_focus.cpp">
      <Filter>Source Files\user\user</Filter>
    </ClCompile>
    <ClCompile Include="user\user\user_document.cpp">
      <Filter>Source Files\user\user</Filter>
    </ClCompile>
    <ClCompile Include="user\user\user_place_holder.cpp">
      <Filter>Source Files\user\user</Filter>
    </ClCompile>
    <ClCompile Include="user\user\user_place_holder_container.cpp">
      <Filter>Source Files\user\user</Filter>
    </ClCompile>
    <ClCompile Include="user\user\user_plain_text_data.cpp">
      <Filter>Source Files\user\user</Filter>
    </ClCompile>
    <ClCompile Include="user\user\user_print_job.cpp">
      <Filter>Source Files\user\user</Filter>
    </ClCompile>
    <ClCompile Include="user\user\user_schema.cpp">
      <Filter>Source Files\user\user</Filter>
    </ClCompile>
    <ClCompile Include="user\user\user_schema_layered_frame.cpp">
      <Filter>Source Files\user\user</Filter>
    </ClCompile>
    <ClCompile Include="user\user\user_schema_simple_impl.cpp">
      <Filter>Source Files\user\user</Filter>
    </ClCompile>
    <ClCompile Include="user\user\user_scroll_bar.cpp">
      <Filter>Source Files\user\user</Filter>
    </ClCompile>
    <ClCompile Include="user\user\user_scroll_control.cpp">
      <Filter>Source Files\user\user</Filter>
    </ClCompile>
    <ClCompile Include="user\user\user_scroll_view.cpp">
      <Filter>Source Files\user\user</Filter>
    </ClCompile>
    <ClCompile Include="user\user\user_server.cpp">
      <Filter>Source Files\user\user</Filter>
    </ClCompile>
    <ClCompile Include="user\user\aaa_want_to_remove_user_text_interface.cpp">
      <Filter>Source Files\user\user</Filter>
    </ClCompile>
    <ClCompile Include="user\user\user_user.cpp">
      <Filter>Source Files\user\user</Filter>
    </ClCompile>
    <ClCompile Include="user\user\user_view_container.cpp">
      <Filter>Source Files\user\user</Filter>
    </ClCompile>
    <ClCompile Include="user\user\user_view_creator.cpp">
      <Filter>Source Files\user\user</Filter>
    </ClCompile>
    <ClCompile Include="user\user\user_interaction_child.cpp">
      <Filter>Source Files\user\user</Filter>
    </ClCompile>
    <ClCompile Include="user\user\user_wait_cursor.cpp">
      <Filter>Source Files\user\user</Filter>
    </ClCompile>
    <ClCompile Include="user\user\user_interaction_impl.cpp">
      <Filter>Source Files\user\user</Filter>
    </ClCompile>
    <ClCompile Include="user\user\user_windowing.cpp">
      <Filter>Source Files\user\user</Filter>
    </ClCompile>
    <ClCompile Include="user\user\user_window_draw.cpp">
      <Filter>Source Files\user\user</Filter>
    </ClCompile>
    <ClCompile Include="user\user\user_interaction_base.cpp">
      <Filter>Source Files\user\user</Filter>
    </ClCompile>
    <ClCompile Include="user\user\user_window_map.cpp">
      <Filter>Source Files\user\user</Filter>
    </ClCompile>
    <ClCompile Include="user\user\user_window_util.cpp">
      <Filter>Source Files\user\user</Filter>
    </ClCompile>
    <ClCompile Include="user\simple\simple_scroll_bar.cpp">
      <Filter>Source Files\user\simple</Filter>
    </ClCompile>
    <ClCompile Include="user\userpresence\userpresence_userpresence.cpp">
      <Filter>Source Files\user\userpresence</Filter>
    </ClCompile>
    <ClCompile Include="user\userpresence\userpresence_user_presence.cpp">
      <Filter>Source Files\user\userpresence</Filter>
    </ClCompile>
    <ClCompile Include="user\account\account.cpp">
      <Filter>Source Files\user\account</Filter>
    </ClCompile>
    <ClCompile Include="user\account\account_login.cpp">
      <Filter>Source Files\user\account</Filter>
    </ClCompile>
    <ClCompile Include="user\account\account_simple_ui.cpp">
      <Filter>Source Files\user\account</Filter>
    </ClCompile>
    <ClCompile Include="base\base\base_application.cpp">
      <Filter>Source Files\base\base</Filter>
    </ClCompile>
    <ClCompile Include="base\base\base_core_copydesk.cpp">
      <Filter>Source Files\base\base</Filter>
    </ClCompile>
    <ClCompile Include="base\base\base_print_job.cpp">
      <Filter>Source Files\base\base</Filter>
    </ClCompile>
    <ClCompile Include="base\base\base_session.cpp">
      <Filter>Source Files\base\base</Filter>
    </ClCompile>
    <ClCompile Include="base\base\base_static_start.cpp">
      <Filter>Source Files\base\base</Filter>
    </ClCompile>
    <ClCompile Include="base\base\base_system.cpp">
      <Filter>Source Files\base\base</Filter>
    </ClCompile>
    <ClCompile Include="base\base\base.cpp">
      <Filter>Source Files\base\base</Filter>
    </ClCompile>
    <ClCompile Include="base\message\message.cpp">
      <Filter>Source Files\base\message</Filter>
    </ClCompile>
    <ClCompile Include="base\message\message_user.cpp">
      <Filter>Source Files\base\message</Filter>
    </ClCompile>
    <ClCompile Include="base\hotplugin\hotplugin.cpp">
      <Filter>Source Files\base\hotplugin</Filter>
    </ClCompile>
    <ClCompile Include="base\hotplugin\hotplugin_composer.cpp">
      <Filter>Source Files\base\hotplugin</Filter>
    </ClCompile>
    <ClCompile Include="base\hotplugin\hotplugin_container_launcher.cpp">
      <Filter>Source Files\base\hotplugin</Filter>
    </ClCompile>
    <ClCompile Include="base\hotplugin\hotplugin_host.cpp">
      <Filter>Source Files\base\hotplugin</Filter>
    </ClCompile>
    <ClCompile Include="base\hotplugin\hotplugin_plugin.cpp">
      <Filter>Source Files\base\hotplugin</Filter>
    </ClCompile>
    <ClCompile Include="base\hotplugin\hotplugin_windows.cpp">
      <Filter>Source Files\base\hotplugin</Filter>
    </ClCompile>
    <ClCompile Include="base\install\install_plugin.cpp">
      <Filter>Source Files\base\install</Filter>
    </ClCompile>
    <ClCompile Include="base\install\install_plugin_bare_paint_discreet.cpp">
      <Filter>Source Files\base\install</Filter>
    </ClCompile>
    <ClCompile Include="base\install\install_plugin_bare_paint_full_screen.cpp">
      <Filter>Source Files\base\install</Filter>
    </ClCompile>
    <ClCompile Include="base\install\install_plugin_bare_paint_veri_discreet.cpp">
      <Filter>Source Files\base\install</Filter>
    </ClCompile>
    <ClCompile Include="base\install\install_starter_start.cpp">
      <Filter>Source Files\base\install</Filter>
    </ClCompile>
    <ClCompile Include="base\node\metrowin\metrowin_copydesk.cpp">
      <Filter>Source Files\base\node\metrowin</Filter>
    </ClCompile>
    <ClCompile Include="base\node\metrowin\metrowin_directx.cpp">
      <Filter>Source Files\base\node\metrowin</Filter>
    </ClCompile>
    <ClCompile Include="base\node\metrowin\metrowin_directx_application.cpp">
      <Filter>Source Files\base\node\metrowin</Filter>
    </ClCompile>
    <ClCompile Include="base\node\metrowin\metrowin_factory_exchange.cpp">
      <Filter>Source Files\base\node\metrowin</Filter>
    </ClCompile>
    <ClCompile Include="base\node\metrowin\metrowin_interaction_impl.cpp">
      <Filter>Source Files\base\node\metrowin</Filter>
    </ClCompile>
    <ClCompile Include="base\node\metrowin\metrowin_window_draw.cpp">
      <Filter>Source Files\base\node\metrowin</Filter>
    </ClCompile>
    <ClCompile Include="base\os\metrowin\metrowin.cpp">
      <Filter>Source Files\base\os\metrowin</Filter>
    </ClCompile>
    <ClCompile Include="base\os\metrowin\metrowin_message_loop.cpp">
      <Filter>Source Files\base\os\metrowin</Filter>
    </ClCompile>
    <ClCompile Include="base\os\metrowin\metrowin_multithreading.cpp">
      <Filter>Source Files\base\os\metrowin</Filter>
    </ClCompile>
    <ClCompile Include="base\os\metrowin\metrowin_process.cpp">
      <Filter>Source Files\base\os\metrowin</Filter>
    </ClCompile>
    <ClCompile Include="base\os\metrowin\metrowin_simple_app.cpp">
      <Filter>Source Files\base\os\metrowin</Filter>
    </ClCompile>
    <ClCompile Include="base\node\windows\windows_message_queue.cpp">
      <Filter>Source Files\base\node\windows</Filter>
    </ClCompile>
    <ClCompile Include="base\os\metrowin\metrowin_trace_message.cpp">
      <Filter>Source Files\base\os\metrowin</Filter>
    </ClCompile>
    <ClCompile Include="base\_base_base.cpp">
      <Filter>Source Files\base</Filter>
    </ClCompile>
    <ClCompile Include="base\node\_node.cpp">
      <Filter>Source Files\base\node</Filter>
    </ClCompile>
    <ClCompile Include="base\os\metrowin\_metrowin_os.cpp">
      <Filter>Source Files\base\os\metrowin</Filter>
    </ClCompile>
    <ClCompile Include="base\os\_os.cpp">
      <Filter>Source Files\base\os</Filter>
    </ClCompile>
    <ClCompile Include="base\node\metrowin\_metrowin_node.cpp">
      <Filter>Source Files\base\node\metrowin</Filter>
    </ClCompile>
    <ClCompile Include="user\_user.cpp">
      <Filter>Source Files\user</Filter>
    </ClCompile>
    <ClCompile Include="graphics\graphics_window_graphics.cpp">
      <Filter>Source Files\graphics</Filter>
    </ClCompile>
    <ClCompile Include="database\database\database_user_interaction.cpp">
      <Filter>Source Files\database\database</Filter>
    </ClCompile>
    <ClCompile Include="base\os\metrowin\metrowin_user.cpp">
      <Filter>Source Files\base\os\metrowin</Filter>
    </ClCompile>
    <ClCompile Include="base\os\metrowin\metrowin_windowing.cpp">
      <Filter>Source Files\base\os\metrowin</Filter>
    </ClCompile>
    <ClCompile Include="user\user\user_plain_edit.cpp">
      <Filter>Source Files\user\user</Filter>
    </ClCompile>
  </ItemGroup>
  <ItemGroup>
    <ResourceCompile Include="base.rc">
      <Filter>Source Files</Filter>
    </ResourceCompile>
  </ItemGroup>
</Project>