// !$*UTF8*$!
{
	archiveVersion = 1;
	classes = {
	};
	objectVersion = 63;
	objects = {

/* Begin PBXBuildFile section */
		FCDDCF19134BD59BCC70D005 /* _.cpp in Sources */ = {isa = PBXBuildFile; fileRef = F9269C1DAA2D50BAECDC6976 /* _.cpp */; };
		3C1A8E56303E802A1B54FDE7 /* framework.h in Headers */ = {isa = PBXBuildFile; fileRef = 7FA1F895AD273BD8EF870537 /* framework.h */; };
		263B89272803CC6851FE8F57 /* _.h in Headers */ = {isa = PBXBuildFile; fileRef = 54FBA55E21358352280800C9 /* _.h */; };
		FC728DD4F4152EAF3F417129 /* application.h in Headers */ = {isa = PBXBuildFile; fileRef = ABC4DBCC9A1AFA846E3E2FC2 /* application.h */; };
		7955D03EFCACE8422B49BC30 /* framework.cpp in Sources */ = {isa = PBXBuildFile; fileRef = 06B30C197E3959D9977804CE /* framework.cpp */; };
		A952FA4B04B7401B80A5693A /* application.cpp in Sources */ = {isa = PBXBuildFile; fileRef = B6BBBDF7CAB82A11C0A63FBE /* application.cpp */; };
		60C510B36D3C11F59AF6F57E /* libacme.dylib in Frameworks */ = {isa = PBXBuildFile; fileRef = 7AC6F5B84E13379C32B4FBAB /* libacme.dylib */; };
		6C691F47DCC44EADAEB427C2 /* libapex.dylib in Frameworks */ = {isa = PBXBuildFile; fileRef = 4B15234E64E22D8F0C2EC8B7 /* libapex.dylib */; };
		D9AF1F06FE6355FDD7865E91 /* libaqua.dylib in Frameworks */ = {isa = PBXBuildFile; fileRef = 3D83075112F4B41D4F3E9783 /* libaqua.dylib */; };
		30A6F0713653124E88C8CA76 /* libjust_message_box.dylib in Frameworks */ = {isa = PBXBuildFile; fileRef = 164F094FCA41377356B3DA9E /* libjust_message_box.dylib */; };
		0712891EAE6F009FF78A010C /* framework.h in Headers */ = {isa = PBXBuildFile; fileRef = 7FA1F895AD273BD8EF870537 /* framework.h */; };
		B5483445F04D9B12F75C2D2B /* _.h in Headers */ = {isa = PBXBuildFile; fileRef = 54FBA55E21358352280800C9 /* _.h */; };
		0636650E51E572F2B83C93F2 /* application.h in Headers */ = {isa = PBXBuildFile; fileRef = ABC4DBCC9A1AFA846E3E2FC2 /* application.h */; };
		0CA337E5B7DA94054EBA651B /* framework.cpp in Sources */ = {isa = PBXBuildFile; fileRef = 06B30C197E3959D9977804CE /* framework.cpp */; };
		DE6A656D4A1BC5D96D48C465 /* application.cpp in Sources */ = {isa = PBXBuildFile; fileRef = B6BBBDF7CAB82A11C0A63FBE /* application.cpp */; };
		0D896C112A3C77E045820ADC /* _.cpp in Sources */ = {isa = PBXBuildFile; fileRef = F9269C1DAA2D50BAECDC6976 /* _.cpp */; };
		308FB78447347E5AC93C20C0 /* libaura.dylib in Frameworks */ = {isa = PBXBuildFile; fileRef = F740BA0A6D6B703F67884479 /* libaura.dylib */; };
/* End PBXBuildFile section */

/* Begin PBXContainerItemProxy section */
		033AD9DFA1F9888CA1C3B906 /* PBXContainerItemProxy */ = {
			isa = PBXContainerItemProxy;
			containerPortal = 27FB3F1764E25011C138341E /* just_message_box.xcodeproj */;
			proxyType = 1;
			remoteGlobalIDString = 27B9AAB5010A3776D669E1AC;
			remoteInfo = just_message_box;
		};
		0829A9D03EA6183FBDE0A421 /* PBXContainerItemProxy */ = {
			isa = PBXContainerItemProxy;
			containerPortal = 8708243452442445427A7E86 /* aura.xcodeproj */;
			proxyType = 1;
			remoteGlobalIDString = F280D3C1BCBF46CE8A770C4B;
			remoteInfo = ios_aura;
		};
		7483F583FDCA27BF9AC31DB6 /* PBXContainerItemProxy */ = {
			isa = PBXContainerItemProxy;
			containerPortal = 8708243452442445427A7E86 /* aura.xcodeproj */;
			proxyType = 1;
			remoteGlobalIDString = A7460B7BA348DC6C50506755;
			remoteInfo = aura;
		};
		B88C2A7C0A5BAE5CFB3B18E7 /* PBXContainerItemProxy */ = {
			isa = PBXContainerItemProxy;
			containerPortal = 8708243452442445427A7E86 /* aura.xcodeproj */;
			proxyType = 2;
			remoteGlobalIDString = E4417B3C048CFEB95EEAB513;
			remoteInfo = aura;
		};
/* End PBXContainerItemProxy section */

/* Begin PBXFileReference section */
		EECC95D370E4FC9B76A45777 /* libapp_just_aura_message_box.dylib */ = {isa = PBXFileReference; explicitFileType = "compiled.mach-o.dylib"; includeInIndex = 0; path = libapp_just_aura_message_box.dylib; sourceTree = BUILT_PRODUCTS_DIR; };
		F9269C1DAA2D50BAECDC6976 /* _.cpp */ = {isa = PBXFileReference; lastKnownFileType = sourcecode.cpp.cpp; path = _.cpp; sourceTree = SOURCE_ROOT; };
		150511AF8673643EBB163227 /* _____debug.xcconfig */ = {isa = PBXFileReference; lastKnownFileType = text.xcconfig; path = "_____debug.xcconfig"; sourceTree = SOURCE_ROOT; };
		7AB495AF7CD78A0E6A066888 /* _____release.xcconfig */ = {isa = PBXFileReference; lastKnownFileType = text.xcconfig; path = "_____release.xcconfig"; sourceTree = SOURCE_ROOT; };
		54FBA55E21358352280800C9 /* _.h */ = {isa = PBXFileReference; lastKnownFileType = sourcecode.c.h; path = _.h; sourceTree = "<group>"; };
		ABC4DBCC9A1AFA846E3E2FC2 /* application.h */ = {isa = PBXFileReference; lastKnownFileType = sourcecode.c.h; path = application.h; sourceTree = "<group>"; };
		B6BBBDF7CAB82A11C0A63FBE /* application.cpp */ = {isa = PBXFileReference; lastKnownFileType = sourcecode.cpp.cpp; path = application.cpp; sourceTree = "<group>"; };
		7FA1F895AD273BD8EF870537 /* framework.h */ = {isa = PBXFileReference; lastKnownFileType = sourcecode.c.h; path = framework.h; sourceTree = "<group>"; };
		06B30C197E3959D9977804CE /* framework.cpp */ = {isa = PBXFileReference; lastKnownFileType = sourcecode.cpp.cpp; path = framework.cpp; sourceTree = "<group>"; };
		7AC6F5B84E13379C32B4FBAB /* libacme.dylib */ = {isa = PBXFileReference; explicitFileType = "compiled.mach-o.dylib"; path = libacme.dylib; sourceTree = BUILT_PRODUCTS_DIR; };
		4B15234E64E22D8F0C2EC8B7 /* libapex.dylib */ = {isa = PBXFileReference; explicitFileType = "compiled.mach-o.dylib"; path = libapex.dylib; sourceTree = BUILT_PRODUCTS_DIR; };
		3D83075112F4B41D4F3E9783 /* libaqua.dylib */ = {isa = PBXFileReference; explicitFileType = "compiled.mach-o.dylib"; path = libaqua.dylib; sourceTree = BUILT_PRODUCTS_DIR; };
		164F094FCA41377356B3DA9E /* libjust_message_box.dylib */ = {isa = PBXFileReference; explicitFileType = "compiled.mach-o.dylib"; path = libjust_message_box.dylib; sourceTree = BUILT_PRODUCTS_DIR; };
		8708243452442445427A7E86 /* aura.xcodeproj */ = {isa = PBXFileReference; lastKnownFileType = "wrapper.pb-project"; name = aura.xcodeproj; path = ../aura/aura.xcodeproj; sourceTree = SOURCE_ROOT; };
		27FB3F1764E25011C138341E /* just_message_box.xcodeproj */ = {isa = PBXFileReference; lastKnownFileType = "wrapper.pb-project"; name = just_message_box.xcodeproj; path = ../just_message_box/just_message_box.xcodeproj; sourceTree = SOURCE_ROOT; };
		5111F801B0181A9A5BD8505D /* libios_app_just_aura_message_box.a */ = {isa = PBXFileReference; explicitFileType = "compiled.mach-o.dylib"; includeInIndex = 0; path = libios_app_just_aura_message_box.a; sourceTree = BUILT_PRODUCTS_DIR; };
/* End PBXFileReference section */

/* Begin PBXFrameworksBuildPhase section */
		D2612E29E91A3832A2F5E731 /* Frameworks */ = {
			isa = PBXFrameworksBuildPhase;
			buildActionMask = 2147483647;
			files = (
				30A6F0713653124E88C8CA76 /* libjust_message_box.dylib in Frameworks */,
				308FB78447347E5AC93C20C0 /* libaura.dylib in Frameworks */,
				D9AF1F06FE6355FDD7865E91 /* libaqua.dylib in Frameworks */,
				6C691F47DCC44EADAEB427C2 /* libapex.dylib in Frameworks */,
				60C510B36D3C11F59AF6F57E /* libacme.dylib in Frameworks */,
			);
			runOnlyForDeploymentPostprocessing = 0;
		};
/* End PBXFrameworksBuildPhase section */

/* Begin PBXGroup section */
		06BCD30FB174C6FC4439112D = {
			isa = PBXGroup;
			children = (
				8708243452442445427A7E86 /* aura.xcodeproj */,
				27FB3F1764E25011C138341E /* just_message_box.xcodeproj */,
				14674D662A20D774F1EC9281 /* just_aura_message_box */,
				04B3FAEE94B02B37C6167F01 /* Frameworks */,
				4D3853B7B64F3AACB7FCAC9C /* Products */,
			);
			sourceTree = "<group>";
		};
		4D3853B7B64F3AACB7FCAC9C /* Products */ = {
			isa = PBXGroup;
			children = (
				EECC95D370E4FC9B76A45777 /* libapp_just_aura_message_box.dylib */,
				5111F801B0181A9A5BD8505D /* libios_app_just_aura_message_box.a */,
			);
			name = Products;
			sourceTree = "<group>";
		};
		14674D662A20D774F1EC9281 /* just_aura_message_box */ = {
			isa = PBXGroup;
			children = (
				54FBA55E21358352280800C9 /* _.h */,
				F9269C1DAA2D50BAECDC6976 /* _.cpp */,
				150511AF8673643EBB163227 /* _____debug.xcconfig */,
				7AB495AF7CD78A0E6A066888 /* _____release.xcconfig */,
				ABC4DBCC9A1AFA846E3E2FC2 /* application.h */,
				B6BBBDF7CAB82A11C0A63FBE /* application.cpp */,
				7FA1F895AD273BD8EF870537 /* framework.h */,
				06B30C197E3959D9977804CE /* framework.cpp */,
			);
			name = just_aura_message_box;
			sourceTree = "<group>";
		};
		04B3FAEE94B02B37C6167F01 /* Frameworks */ = {
			isa = PBXGroup;
			children = (
				164F094FCA41377356B3DA9E /* libjust_message_box.dylib */,
				3D83075112F4B41D4F3E9783 /* libaqua.dylib */,
				4B15234E64E22D8F0C2EC8B7 /* libapex.dylib */,
				7AC6F5B84E13379C32B4FBAB /* libacme.dylib */,
			);
			name = Frameworks;
			sourceTree = "<group>";
		};
		27C934C69685FDC43693EE8A /* Products */ = {
			isa = PBXGroup;
			children = (
			);
			name = Products;
			sourceTree = "<group>";
		};
		944EF8F9D9E8E24373377F41 /* Products */ = {
			isa = PBXGroup;
			children = (
				F740BA0A6D6B703F67884479 /* libaura.dylib */,
			);
			name = Products;
			sourceTree = "<group>";
		};
/* End PBXGroup section */

/* Begin PBXHeadersBuildPhase section */
		8F0AA3B1FF20F12DC159A601 /* Headers */ = {
			isa = PBXHeadersBuildPhase;
			buildActionMask = 2147483647;
			files = (
				3C1A8E56303E802A1B54FDE7 /* framework.h in Headers */,
				263B89272803CC6851FE8F57 /* _.h in Headers */,
				FC728DD4F4152EAF3F417129 /* application.h in Headers */,
			);
			runOnlyForDeploymentPostprocessing = 0;
		};
		2560E66A731D241BDDA49A1A /* Headers */ = {
			isa = PBXHeadersBuildPhase;
			buildActionMask = 2147483647;
			files = (
				0712891EAE6F009FF78A010C /* framework.h in Headers */,
				B5483445F04D9B12F75C2D2B /* _.h in Headers */,
				0636650E51E572F2B83C93F2 /* application.h in Headers */,
			);
			runOnlyForDeploymentPostprocessing = 0;
		};
/* End PBXHeadersBuildPhase section */

/* Begin PBXNativeTarget section */
		44A37506B02D5923863B578D /* app_just_aura_message_box */ = {
			isa = PBXNativeTarget;
			buildConfigurationList = C378B6F69A4DB43C4AA9D735 /* Build configuration list for PBXNativeTarget "app_just_aura_message_box" */;
			buildPhases = (
				8F0AA3B1FF20F12DC159A601 /* Headers */,
				2F397376D5A8C54F86A38555 /* Sources */,
				D2612E29E91A3832A2F5E731 /* Frameworks */,
				762D8F599E6BA088E547E13A /* ShellScript */,
			);
			buildRules = (
			);
			dependencies = (
				49E8D3C7C9FFA4F482A2EDB6 /* PBXTargetDependency */,
				4BFB3339C01FA0293B88AEAE /* PBXTargetDependency */,
			);
			name = app_just_aura_message_box;
			packageProductDependencies = (
			);
			productName = app_just_aura_message_box;
			productReference = EECC95D370E4FC9B76A45777 /* libapp_just_aura_message_box.dylib */;
			productType = "com.apple.product-type.library.dynamic";
		};
		F242A50C340A186C9175E6D3 /* ios_app_just_aura_message_box */ = {
			isa = PBXNativeTarget;
			buildConfigurationList = 4A4132D447EF667E192429CF /* Build configuration list for PBXNativeTarget "ios_app_just_aura_message_box" */;
			buildPhases = (
				2560E66A731D241BDDA49A1A /* Headers */,
				DE4309EA22A1A4DC7F5E2973 /* Sources */,
			);
			buildRules = (
			);
			dependencies = (
				B5F29047145EE976BD30BEA6 /* PBXTargetDependency */,
			);
			name = ios_app_just_aura_message_box;
			packageProductDependencies = (
			);
			productName = app_just_aura_message_box;
			productReference = 5111F801B0181A9A5BD8505D /* libios_app_just_aura_message_box.a */;
			productType = "com.apple.product-type.library.dynamic";
		};
/* End PBXNativeTarget section */

/* Begin PBXProject section */
		C64D608EC3B5BFD77352B839 /* Project object */ = {
			isa = PBXProject;
			attributes = {
				BuildIndependentTargetsInParallel = 1;
				LastUpgradeCheck = 1610;
				ORGANIZATIONNAME = "ca2 Software Development";
				TargetAttributes = {
					44A37506B02D5923863B578D = {
						CreatedOnToolsVersion = 16.1;
					};
				};
			};
			buildConfigurationList = 95618E449DD7DEE8AD3D8E0A /* Build configuration list for PBXProject "app_just_aura_message_box" */;
			compatibilityVersion = "Xcode 12.0";
			developmentRegion = en;
			hasScannedForEncodings = 0;
			knownRegions = (
				en,
				Base,
			);
			mainGroup = 06BCD30FB174C6FC4439112D;
			minimizedProjectReferenceProxies = 1;
			productRefGroup = 4D3853B7B64F3AACB7FCAC9C /* Products */;
			projectDirPath = "";
			projectReferences = (
				{
					ProductGroup = 944EF8F9D9E8E24373377F41 /* Products */;
					ProjectRef = 8708243452442445427A7E86 /* aura.xcodeproj */;
				},
				{
					ProductGroup = 27C934C69685FDC43693EE8A /* Products */;
					ProjectRef = 27FB3F1764E25011C138341E /* just_message_box.xcodeproj */;
				},
			);
			projectRoot = "";
			targets = (
				44A37506B02D5923863B578D /* app_just_aura_message_box */,
				F242A50C340A186C9175E6D3 /* ios_app_just_aura_message_box */,
			);
		};
/* End PBXProject section */

/* Begin PBXReferenceProxy section */
		F740BA0A6D6B703F67884479 /* libaura.dylib */ = {
			isa = PBXReferenceProxy;
			fileType = "compiled.mach-o.dylib";
			path = libaura.dylib;
			remoteRef = B88C2A7C0A5BAE5CFB3B18E7 /* PBXContainerItemProxy */;
			sourceTree = BUILT_PRODUCTS_DIR;
		};
/* End PBXReferenceProxy section */

/* Begin PBXShellScriptBuildPhase section */
		762D8F599E6BA088E547E13A /* ShellScript */ = {
			isa = PBXShellScriptBuildPhase;
			buildActionMask = 2147483647;
			files = (
			);
			inputFileListPaths = (
			);
			inputPaths = (
				"$(BUILT_PRODUCTS_DIR)/$(EXECUTABLE_NAME)",
				"$(WorkspaceDir)/output_copy.txt",
			);
			outputFileListPaths = (
			);
			outputPaths = (
				"$(WorkspaceDir)/time-$(PLATFORM_MODIFIER)/output-$(CONFIIGURATION)/$(EXECUTABLE_NAME)",
			);
			runOnlyForDeploymentPostprocessing = 0;
			shellPath = /bin/sh;
			shellScript = ". $HOME/code/operating_system/tool/bin/_on_after_build_dylib\n";
		};
/* End PBXShellScriptBuildPhase section */

/* Begin PBXSourcesBuildPhase section */
		2F397376D5A8C54F86A38555 /* Sources */ = {
			isa = PBXSourcesBuildPhase;
			buildActionMask = 2147483647;
			files = (
				7955D03EFCACE8422B49BC30 /* framework.cpp in Sources */,
				A952FA4B04B7401B80A5693A /* application.cpp in Sources */,
				FCDDCF19134BD59BCC70D005 /* _.cpp in Sources */,
			);
			runOnlyForDeploymentPostprocessing = 0;
		};
		DE4309EA22A1A4DC7F5E2973 /* Sources */ = {
			isa = PBXSourcesBuildPhase;
			buildActionMask = 2147483647;
			files = (
				0CA337E5B7DA94054EBA651B /* framework.cpp in Sources */,
				DE6A656D4A1BC5D96D48C465 /* application.cpp in Sources */,
				0D896C112A3C77E045820ADC /* _.cpp in Sources */,
			);
			runOnlyForDeploymentPostprocessing = 0;
		};
/* End PBXSourcesBuildPhase section */

/* Begin PBXTargetDependency section */
		49E8D3C7C9FFA4F482A2EDB6 /* PBXTargetDependency */ = {
			isa = PBXTargetDependency;
			name = just_message_box;
			targetProxy = 033AD9DFA1F9888CA1C3B906 /* PBXContainerItemProxy */;
		};
		B5F29047145EE976BD30BEA6 /* PBXTargetDependency */ = {
			isa = PBXTargetDependency;
			name = ios_aura;
			targetProxy = 0829A9D03EA6183FBDE0A421 /* PBXContainerItemProxy */;
		};
		4BFB3339C01FA0293B88AEAE /* PBXTargetDependency */ = {
			isa = PBXTargetDependency;
			name = aura;
			targetProxy = 7483F583FDCA27BF9AC31DB6 /* PBXContainerItemProxy */;
		};
/* End PBXTargetDependency section */

/* Begin XCBuildConfiguration section */
		C6439C73C35C79804D09F727 /* Debug */ = {
			isa = XCBuildConfiguration;
			baseConfigurationReference = 150511AF8673643EBB163227 /* _____debug.xcconfig */;
			buildSettings = {
				ALWAYS_SEARCH_USER_PATHS = NO;
				ASSETCATALOG_COMPILER_GENERATE_SWIFT_ASSET_SYMBOL_EXTENSIONS = YES;
				CLANG_ANALYZER_DEADCODE_DEADSTORES = NO;
				CLANG_ANALYZER_LOCALIZABILITY_NONLOCALIZED = YES;
				CLANG_CXX_LANGUAGE_STANDARD = "c++20";
				CLANG_CXX_LIBRARY = "libc++";
				CLANG_ENABLE_OBJC_ARC = YES;
				CLANG_STATIC_ANALYZER_MODE_ON_ANALYZE_ACTION = shallow;
				CLANG_WARN_BLOCK_CAPTURE_AUTORELEASING = YES;
				CLANG_WARN_BOOL_CONVERSION = YES;
				CLANG_WARN_COMMA = YES;
				CLANG_WARN_CONSTANT_CONVERSION = YES;
				CLANG_WARN_DEPRECATED_OBJC_IMPLEMENTATIONS = YES;
				CLANG_WARN_DIRECT_OBJC_ISA_USAGE = YES_ERROR;
				CLANG_WARN_EMPTY_BODY = YES;
				CLANG_WARN_ENUM_CONVERSION = YES;
				CLANG_WARN_INFINITE_RECURSION = YES;
				CLANG_WARN_INT_CONVERSION = YES;
				CLANG_WARN_NON_LITERAL_NULL_CONVERSION = YES;
				CLANG_WARN_OBJC_IMPLICIT_RETAIN_SELF = YES;
				CLANG_WARN_OBJC_LITERAL_CONVERSION = YES;
				CLANG_WARN_OBJC_ROOT_CLASS = YES_ERROR;
				CLANG_WARN_PRAGMA_PACK = NO;
				CLANG_WARN_QUOTED_INCLUDE_IN_FRAMEWORK_HEADER = YES;
				CLANG_WARN_RANGE_LOOP_ANALYSIS = YES;
				CLANG_WARN_STRICT_PROTOTYPES = YES;
				CLANG_WARN_SUSPICIOUS_MOVE = YES;
				CLANG_WARN_UNREACHABLE_CODE = YES;
				CLANG_WARN__DUPLICATE_METHOD_MATCH = YES;
				COPY_PHASE_STRIP = YES;
				DEAD_CODE_STRIPPING = YES;
				DEBUG_INFORMATION_FORMAT = "dwarf-with-dsym";
				ENABLE_HARDENED_RUNTIME = YES;
				ENABLE_STRICT_OBJC_MSGSEND = YES;
				ENABLE_TESTABILITY = YES;
				ENABLE_USER_SCRIPT_SANDBOXING = YES;
				EXECUTABLE_EXTENSION = dylib;
				EXECUTABLE_PREFIX = lib;
				GCC_C_LANGUAGE_STANDARD = c99;
				GCC_DYNAMIC_NO_PIC = NO;
				GCC_ENABLE_OBJC_EXCEPTIONS = YES;
				GCC_NO_COMMON_BLOCKS = YES;
				GCC_OPTIMIZATION_LEVEL = 0;
				GCC_PRECOMPILE_PREFIX_HEADER = YES;
				GCC_PREFIX_HEADER = framework.h;
				GCC_PREPROCESSOR_DEFINITIONS = (
					"DEBUG=1",
					"$(inherited)",
				);
				GCC_SYMBOLS_PRIVATE_EXTERN = NO;
				GCC_WARN_64_TO_32_BIT_CONVERSION = YES;
				GCC_WARN_ABOUT_RETURN_TYPE = YES_ERROR;
				GCC_WARN_UNDECLARED_SELECTOR = YES;
				GCC_WARN_UNINITIALIZED_AUTOS = YES_AGGRESSIVE;
				GCC_WARN_UNUSED_FUNCTION = YES;
				GCC_WARN_UNUSED_VARIABLE = YES;
				HEADER_SEARCH_PATHS = "";
				LD_RUNPATH_SEARCH_PATHS = (
					"@executable_path",
					"@loader_path",
				);
				LIBRARY_SEARCH_PATHS = (
					"$(inherited)",
					"$(WorkspaceDir)/../operating_system/storage-$(PLATFORM_MODIFIER)/$(CONFIGURATION)/library",
				);
				MACH_O_TYPE = mh_dylib;
				ONLY_ACTIVE_ARCH = YES;
				PRODUCT_NAME = "$(TARGET_NAME)";
				SDKROOT = macosx;
				SKIP_INSTALL = YES;
				SYSTEM_HEADER_SEARCH_PATHS = (
					"$(WorkspaceDir)/operating_system/operating_system-$(PLATFORM_MODIFIER)/include",
					"$(WorkspaceDir)/operating_system/operating_system-$(PLATFORM_MODIFIER)/configuration",
					"$(WorkspaceDir)/port/include",
					"$(WorkspaceDir)/source/app/include",
				);
				USER_HEADER_SEARCH_PATHS = (
					.,
					"$(WorkspaceDir)/source",
					"$(WorkspaceDir)/source/app",
					"$(WorkspaceDir)/source/app/_include",
					"$(WorkspaceDir)/operating_system",
					"$(WorkspaceDir)/operating_system/operating_system-$(PLATFORM_MODIFIER)",
					"$(WorkspaceDir)/operating_system/operating_system-$(PLATFORM_MODIFIER)/configuration_selection/$(CONFIGURATION)",
					"$(WorkspaceDir)/port/_",
					"$(PROJECT_DIR)",
					"$(PROJECT_DIR)/..",
					"$(PROJECT_DIR)/../..",
					"$(HOME)/sensitive/sensitive/include",
				);
				USE_HEADERMAP = NO;
				VALIDATE_PRODUCT = YES;
				WorkspaceDir = "$(SRCROOT)/../../..";
			};
			name = Debug;
		};
		663DB7752901EC9915E38C7B /* Release */ = {
			isa = XCBuildConfiguration;
			baseConfigurationReference = 7AB495AF7CD78A0E6A066888 /* _____release.xcconfig */;
			buildSettings = {
				ALWAYS_SEARCH_USER_PATHS = NO;
				ASSETCATALOG_COMPILER_GENERATE_SWIFT_ASSET_SYMBOL_EXTENSIONS = YES;
				CLANG_ANALYZER_DEADCODE_DEADSTORES = NO;
				CLANG_ANALYZER_LOCALIZABILITY_NONLOCALIZED = YES;
				CLANG_CXX_LANGUAGE_STANDARD = "c++20";
				CLANG_CXX_LIBRARY = "libc++";
				CLANG_ENABLE_OBJC_ARC = YES;
				CLANG_STATIC_ANALYZER_MODE_ON_ANALYZE_ACTION = shallow;
				CLANG_WARN_BLOCK_CAPTURE_AUTORELEASING = YES;
				CLANG_WARN_BOOL_CONVERSION = YES;
				CLANG_WARN_COMMA = YES;
				CLANG_WARN_CONSTANT_CONVERSION = YES;
				CLANG_WARN_DEPRECATED_OBJC_IMPLEMENTATIONS = YES;
				CLANG_WARN_DIRECT_OBJC_ISA_USAGE = YES_ERROR;
				CLANG_WARN_EMPTY_BODY = YES;
				CLANG_WARN_ENUM_CONVERSION = YES;
				CLANG_WARN_INFINITE_RECURSION = YES;
				CLANG_WARN_INT_CONVERSION = YES;
				CLANG_WARN_NON_LITERAL_NULL_CONVERSION = YES;
				CLANG_WARN_OBJC_IMPLICIT_RETAIN_SELF = YES;
				CLANG_WARN_OBJC_LITERAL_CONVERSION = YES;
				CLANG_WARN_OBJC_ROOT_CLASS = YES_ERROR;
				CLANG_WARN_PRAGMA_PACK = NO;
				CLANG_WARN_QUOTED_INCLUDE_IN_FRAMEWORK_HEADER = YES;
				CLANG_WARN_RANGE_LOOP_ANALYSIS = YES;
				CLANG_WARN_STRICT_PROTOTYPES = YES;
				CLANG_WARN_SUSPICIOUS_MOVE = YES;
				CLANG_WARN_UNREACHABLE_CODE = YES;
				CLANG_WARN__DUPLICATE_METHOD_MATCH = YES;
				COPY_PHASE_STRIP = YES;
				DEAD_CODE_STRIPPING = YES;
				DEBUG_INFORMATION_FORMAT = "dwarf-with-dsym";
				ENABLE_HARDENED_RUNTIME = YES;
				ENABLE_STRICT_OBJC_MSGSEND = YES;
				ENABLE_TESTABILITY = YES;
				ENABLE_USER_SCRIPT_SANDBOXING = YES;
				EXECUTABLE_EXTENSION = dylib;
				EXECUTABLE_PREFIX = lib;
				GCC_C_LANGUAGE_STANDARD = c99;
				GCC_ENABLE_OBJC_EXCEPTIONS = YES;
				GCC_NO_COMMON_BLOCKS = YES;
				GCC_PRECOMPILE_PREFIX_HEADER = YES;
				GCC_PREFIX_HEADER = framework.h;
				GCC_WARN_64_TO_32_BIT_CONVERSION = YES;
				GCC_WARN_ABOUT_RETURN_TYPE = YES_ERROR;
				GCC_WARN_UNDECLARED_SELECTOR = YES;
				GCC_WARN_UNINITIALIZED_AUTOS = YES_AGGRESSIVE;
				GCC_WARN_UNUSED_FUNCTION = YES;
				GCC_WARN_UNUSED_VARIABLE = YES;
				HEADER_SEARCH_PATHS = "";
				LD_RUNPATH_SEARCH_PATHS = (
					"@executable_path",
					"@loader_path",
				);
				LIBRARY_SEARCH_PATHS = (
					"$(inherited)",
					"$(WorkspaceDir)/../operating_system/storage-$(PLATFORM_MODIFIER)/$(CONFIGURATION)/library",
					"$(WorkspaceDir)/operating_system",
				);
				MACH_O_TYPE = mh_dylib;
				PRODUCT_NAME = "$(TARGET_NAME)";
				SDKROOT = macosx;
				SKIP_INSTALL = YES;
				SYSTEM_HEADER_SEARCH_PATHS = (
					"$(WorkspaceDir)/operating_system/operating_system-$(PLATFORM_MODIFIER)/include",
					"$(WorkspaceDir)/operating_system/operating_system-$(PLATFORM_MODIFIER)/configuration",
					"$(WorkspaceDir)/port/include",
					"$(WorkspaceDir)/source/app/include",
				);
				USER_HEADER_SEARCH_PATHS = (
					.,
					"$(WorkspaceDir)/source",
					"$(WorkspaceDir)/source/app",
					"$(WorkspaceDir)/source/app/_include",
					"$(WorkspaceDir)/operating_system",
					"$(WorkspaceDir)/operating_system/operating_system-$(PLATFORM_MODIFIER)",
					"$(WorkspaceDir)/operating_system/operating_system-$(PLATFORM_MODIFIER)/configuration_selection/$(CONFIGURATION)",
					"$(WorkspaceDir)/port/_",
					"$(PROJECT_DIR)",
					"$(PROJECT_DIR)/..",
					"$(PROJECT_DIR)/../..",
					"$(HOME)/sensitive/sensitive/include",
				);
				USE_HEADERMAP = NO;
				VALIDATE_PRODUCT = YES;
				WorkspaceDir = "$(SRCROOT)/../../..";
			};
			name = Release;
		};
		534CB244DB3A32008203F588 /* Debug */ = {
			isa = XCBuildConfiguration;
			buildSettings = {
				CODE_SIGN_IDENTITY = "Mac Developer";
				CODE_SIGN_STYLE = Automatic;
				ENABLE_HARDENED_RUNTIME = YES;
				EXECUTABLE_EXTENSION = dylib;
				LIBRARY_SEARCH_PATHS = (
					"$(inherited)",
					"$(PROJECT_DIR)/nsisExamples/Plugin/nsis",
				);
				MACH_O_TYPE = mh_dylib;
				PLATFORM_MODIFIER = macos;
				PROVISIONING_PROFILE_SPECIFIER = "";
				SDKROOT = macosx;
			};
			name = Debug;
		};
		985D217B43FCA7010C1DB9C9 /* Release */ = {
			isa = XCBuildConfiguration;
			buildSettings = {
				CODE_SIGN_IDENTITY = "Mac Developer";
				CODE_SIGN_STYLE = Automatic;
				ENABLE_HARDENED_RUNTIME = YES;
				EXECUTABLE_EXTENSION = dylib;
				LIBRARY_SEARCH_PATHS = (
					"$(inherited)",
					"$(PROJECT_DIR)/nsisExamples/Plugin/nsis",
				);
				MACH_O_TYPE = mh_dylib;
				PLATFORM_MODIFIER = macos;
				PROVISIONING_PROFILE_SPECIFIER = "";
				SDKROOT = macosx;
			};
			name = Release;
		};
		AB5593824823587376E3A886 /* Debug */ = {
			isa = XCBuildConfiguration;
			buildSettings = {
				EXECUTABLE_EXTENSION = a;
				MACH_O_TYPE = staticlib;
				PLATFORM_MODIFIER = ios;
				SDKROOT = iphoneos;
			};
			name = Debug;
		};
		25B7F81EC2F6562455383315 /* Release */ = {
			isa = XCBuildConfiguration;
			buildSettings = {
				EXECUTABLE_EXTENSION = a;
				MACH_O_TYPE = staticlib;
				PLATFORM_MODIFIER = ios;
				SDKROOT = iphoneos;
			};
			name = Release;
		};
/* End XCBuildConfiguration section */

/* Begin XCConfigurationList section */
		95618E449DD7DEE8AD3D8E0A /* Build configuration list for PBXProject "app_just_aura_message_box" */ = {
			isa = XCConfigurationList;
			buildConfigurations = (
				C6439C73C35C79804D09F727 /* Debug */,
				663DB7752901EC9915E38C7B /* Release */,
			);
			defaultConfigurationIsVisible = 0;
			defaultConfigurationName = Release;
		};
		C378B6F69A4DB43C4AA9D735 /* Build configuration list for PBXNativeTarget "app_just_aura_message_box" */ = {
			isa = XCConfigurationList;
			buildConfigurations = (
				534CB244DB3A32008203F588 /* Debug */,
				985D217B43FCA7010C1DB9C9 /* Release */,
			);
			defaultConfigurationIsVisible = 0;
			defaultConfigurationName = Release;
		};
		4A4132D447EF667E192429CF /* Build configuration list for PBXNativeTarget "ios_app_just_aura_message_box" */ = {
			isa = XCConfigurationList;
			buildConfigurations = (
				AB5593824823587376E3A886 /* Debug */,
				25B7F81EC2F6562455383315 /* Release */,
			);
			defaultConfigurationIsVisible = 0;
			defaultConfigurationName = Release;
		};
/* End XCConfigurationList section */
	};
	rootObject = C64D608EC3B5BFD77352B839 /* Project object */;
}
