<?xml version="1.0" encoding="utf-8"?>
<Project ToolsVersion="4.0" xmlns="http://schemas.microsoft.com/developer/msbuild/2003">
  <ItemGroup>
    <Filter Include="Source Files">
      <UniqueIdentifier>{4FC737F1-C7A5-4376-A066-2A32D752A2FF}</UniqueIdentifier>
      <Extensions>cpp;c;cc;cxx;c++;cppm;ixx;def;odl;idl;hpj;bat;asm;asmx</Extensions>
    </Filter>
    <Filter Include="Header Files">
      <UniqueIdentifier>{93995380-89BD-4b04-88EB-625FBE52EBFB}</UniqueIdentifier>
      <Extensions>h;hh;hpp;hxx;h++;hm;inl;inc;ipp;xsd</Extensions>
    </Filter>
    <Filter Include="Resource Files">
      <UniqueIdentifier>{67DA6AB6-F800-4c08-8B7A-83BB121AAD01}</UniqueIdentifier>
      <Extensions>rc;ico;cur;bmp;dlg;rc2;rct;bin;rgs;gif;jpg;jpeg;jpe;resx;tiff;tif;png;wav;mfcribbon-ms</Extensions>
    </Filter>
    <Filter Include="Header Files\xml">
      <UniqueIdentifier>{15c5feeb-c1e6-4e3b-880b-38f1295b02cc}</UniqueIdentifier>
    </Filter>
    <Filter Include="Source Files\xml">
      <UniqueIdentifier>{9f1b5e71-f42c-4254-bf35-432e6ae5a1d4}</UniqueIdentifier>
    </Filter>
    <Filter Include="Header Files\platform">
      <UniqueIdentifier>{9762b2c6-488e-4d95-b8f0-97d6a9c828f7}</UniqueIdentifier>
    </Filter>
    <Filter Include="Source Files\platform">
      <UniqueIdentifier>{6297aa7b-856c-4c8d-b3b9-0b05b29a548d}</UniqueIdentifier>
    </Filter>
    <Filter Include="Header Files\include">
      <UniqueIdentifier>{dcbf034e-33ca-4ef5-bcd8-26f99cef8960}</UniqueIdentifier>
    </Filter>
    <Filter Include="Header Files\const">
      <UniqueIdentifier>{b460457f-efad-4f96-8426-a51aa0f4f3ec}</UniqueIdentifier>
    </Filter>
    <Filter Include="Source Files\const">
      <UniqueIdentifier>{d0e3e458-df46-44ac-ad1c-da3134b10978}</UniqueIdentifier>
    </Filter>
    <Filter Include="Header Files\inline">
      <UniqueIdentifier>{c306b08d-67df-4a6b-9735-413a1e523a31}</UniqueIdentifier>
    </Filter>
    <Filter Include="Header Files\multimedia">
      <UniqueIdentifier>{2527d579-d868-416a-aa71-ab1036ebe889}</UniqueIdentifier>
    </Filter>
    <Filter Include="Source Files\multimedia">
      <UniqueIdentifier>{7c004c54-e8d3-436b-a7a8-517c66ed1f85}</UniqueIdentifier>
    </Filter>
    <Filter Include="Source Files\multimedia\audio">
      <UniqueIdentifier>{2dd08a4e-d241-4a83-aa4f-8b4e4bdb0b2a}</UniqueIdentifier>
    </Filter>
    <Filter Include="Header Files\multimedia\audio">
      <UniqueIdentifier>{b2a01766-e39c-4631-bc42-c7fef5155e0c}</UniqueIdentifier>
    </Filter>
    <Filter Include="Header Files\user">
      <UniqueIdentifier>{c13b9596-4977-4264-b142-fb51ff20df08}</UniqueIdentifier>
    </Filter>
    <Filter Include="Source Files\user">
      <UniqueIdentifier>{dfac247a-345d-4a4c-9370-d72b62a78a91}</UniqueIdentifier>
    </Filter>
  </ItemGroup>
  <ItemGroup>
    <ClInclude Include="framework.h">
      <Filter>Header Files</Filter>
    </ClInclude>
    <ClInclude Include="xml\_.h">
      <Filter>Header Files\xml</Filter>
    </ClInclude>
    <ClInclude Include="xml\_impl.h">
      <Filter>Header Files\xml</Filter>
    </ClInclude>
    <ClInclude Include="xml\attr.h">
      <Filter>Header Files\xml</Filter>
    </ClInclude>
    <ClInclude Include="xml\base_array.h">
      <Filter>Header Files\xml</Filter>
    </ClInclude>
    <ClInclude Include="xml\data.h">
      <Filter>Header Files\xml</Filter>
    </ClInclude>
    <ClInclude Include="xml\department.h">
      <Filter>Header Files\xml</Filter>
    </ClInclude>
    <ClInclude Include="xml\disp_option.h">
      <Filter>Header Files\xml</Filter>
    </ClInclude>
    <ClInclude Include="xml\document.h">
      <Filter>Header Files\xml</Filter>
    </ClInclude>
    <ClInclude Include="xml\edit.h">
      <Filter>Header Files\xml</Filter>
    </ClInclude>
    <ClInclude Include="xml\entity.h">
      <Filter>Header Files\xml</Filter>
    </ClInclude>
    <ClInclude Include="xml\enum.h">
      <Filter>Header Files\xml</Filter>
    </ClInclude>
    <ClInclude Include="xml\exportable.h">
      <Filter>Header Files\xml</Filter>
    </ClInclude>
    <ClInclude Include="xml\glue.h">
      <Filter>Header Files\xml</Filter>
    </ClInclude>
    <ClInclude Include="xml\importable.h">
      <Filter>Header Files\xml</Filter>
    </ClInclude>
    <ClInclude Include="xml\input_tree.h">
      <Filter>Header Files\xml</Filter>
    </ClInclude>
    <ClInclude Include="xml\node.h">
      <Filter>Header Files\xml</Filter>
    </ClInclude>
    <ClInclude Include="xml\output_tree.h">
      <Filter>Header Files\xml</Filter>
    </ClInclude>
    <ClInclude Include="xml\parse_info.h">
      <Filter>Header Files\xml</Filter>
    </ClInclude>
    <ClInclude Include="xml\property_exchange.h">
      <Filter>Header Files\xml</Filter>
    </ClInclude>
    <ClInclude Include="xml\smart_pointer_array.h">
      <Filter>Header Files\xml</Filter>
    </ClInclude>
    <ClInclude Include="xml\stream.h">
      <Filter>Header Files\xml</Filter>
    </ClInclude>
    <ClInclude Include="xml\tree_base.h">
      <Filter>Header Files\xml</Filter>
    </ClInclude>
    <ClInclude Include="xml\tree_schema.h">
      <Filter>Header Files\xml</Filter>
    </ClInclude>
    <ClInclude Include="xml\var_exchange.h">
      <Filter>Header Files\xml</Filter>
    </ClInclude>
    <ClInclude Include="xml\xmlite.h">
      <Filter>Header Files\xml</Filter>
    </ClInclude>
    <ClInclude Include="_.h">
      <Filter>Header Files</Filter>
    </ClInclude>
    <ClInclude Include="_defer.h">
      <Filter>Header Files</Filter>
    </ClInclude>
    <ClInclude Include="platform\system.h">
      <Filter>Header Files\platform</Filter>
    </ClInclude>
    <ClInclude Include="platform\session.h">
      <Filter>Header Files\platform</Filter>
    </ClInclude>
    <ClInclude Include="platform\application.h">
      <Filter>Header Files\platform</Filter>
    </ClInclude>
    <ClInclude Include="include\_.h">
      <Filter>Header Files\include</Filter>
    </ClInclude>
    <ClInclude Include="platform\_platform.h">
      <Filter>Header Files\platform</Filter>
    </ClInclude>
    <ClInclude Include="const\idpool.h">
      <Filter>Header Files\const</Filter>
    </ClInclude>
    <ClInclude Include="id.h">
      <Filter>Header Files</Filter>
    </ClInclude>
    <ClInclude Include="xml.h">
      <Filter>Header Files</Filter>
    </ClInclude>
    <ClInclude Include="console.h">
      <Filter>Header Files</Filter>
    </ClInclude>
    <ClInclude Include="multimedia\audio\audio_c.h">
      <Filter>Header Files\multimedia\audio</Filter>
    </ClInclude>
    <ClInclude Include="multimedia\audio\out.h">
      <Filter>Header Files\multimedia\audio</Filter>
    </ClInclude>
    <ClInclude Include="multimedia\audio\sound_track_player.h">
      <Filter>Header Files\multimedia\audio</Filter>
    </ClInclude>
    <ClInclude Include="multimedia\audio\speaker.h">
      <Filter>Header Files\multimedia\audio</Filter>
    </ClInclude>
    <ClInclude Include="multimedia\multimedia.h">
      <Filter>Header Files\multimedia</Filter>
    </ClInclude>
    <ClInclude Include="multimedia\file_application.h">
      <Filter>Header Files\multimedia</Filter>
    </ClInclude>
    <ClInclude Include="multimedia\exception.h">
      <Filter>Header Files\multimedia</Filter>
    </ClInclude>
    <ClInclude Include="multimedia\decoder_plugin.h">
      <Filter>Header Files\multimedia</Filter>
    </ClInclude>
    <ClInclude Include="multimedia\decoder.h">
      <Filter>Header Files\multimedia</Filter>
    </ClInclude>
    <ClInclude Include="multimedia\audio.h">
      <Filter>Header Files\multimedia</Filter>
    </ClInclude>
    <ClInclude Include="multimedia\_c.h">
      <Filter>Header Files\multimedia</Filter>
    </ClInclude>
    <ClInclude Include="multimedia\_.h">
      <Filter>Header Files\multimedia</Filter>
    </ClInclude>
    <ClInclude Include="user\controller.h">
      <Filter>Header Files\user</Filter>
    </ClInclude>
    <ClInclude Include="multimedia\audio\_.h">
      <Filter>Header Files\multimedia\audio</Filter>
    </ClInclude>
  </ItemGroup>
  <ItemGroup>
    <ClCompile Include="xml\_from.cpp">
      <Filter>Source Files\xml</Filter>
    </ClCompile>
    <ClCompile Include="xml\attr.cpp">
      <Filter>Source Files\xml</Filter>
    </ClCompile>
    <ClCompile Include="xml\base_array.cpp">
      <Filter>Source Files\xml</Filter>
    </ClCompile>
    <ClCompile Include="xml\data.cpp">
      <Filter>Source Files\xml</Filter>
    </ClCompile>
    <ClCompile Include="xml\disp_option.cpp">
      <Filter>Source Files\xml</Filter>
    </ClCompile>
    <ClCompile Include="xml\document.cpp">
      <Filter>Source Files\xml</Filter>
    </ClCompile>
    <ClCompile Include="xml\edit.cpp">
      <Filter>Source Files\xml</Filter>
    </ClCompile>
    <ClCompile Include="xml\entity.cpp">
      <Filter>Source Files\xml</Filter>
    </ClCompile>
    <ClCompile Include="xml\exportable.cpp">
      <Filter>Source Files\xml</Filter>
    </ClCompile>
    <ClCompile Include="xml\importable.cpp">
      <Filter>Source Files\xml</Filter>
    </ClCompile>
    <ClCompile Include="xml\input_tree.cpp">
      <Filter>Source Files\xml</Filter>
    </ClCompile>
    <ClCompile Include="xml\node.cpp">
      <Filter>Source Files\xml</Filter>
    </ClCompile>
    <ClCompile Include="xml\output_tree.cpp">
      <Filter>Source Files\xml</Filter>
    </ClCompile>
    <ClCompile Include="xml\parse_info.cpp">
      <Filter>Source Files\xml</Filter>
    </ClCompile>
    <ClCompile Include="xml\property_exchange.cpp">
      <Filter>Source Files\xml</Filter>
    </ClCompile>
    <ClCompile Include="xml\tree_base.cpp">
      <Filter>Source Files\xml</Filter>
    </ClCompile>
    <ClCompile Include="xml\tree_schema.cpp">
      <Filter>Source Files\xml</Filter>
    </ClCompile>
    <ClCompile Include="xml\var_exchange.cpp">
      <Filter>Source Files\xml</Filter>
    </ClCompile>
    <ClCompile Include="xml\xml.cpp">
      <Filter>Source Files\xml</Filter>
    </ClCompile>
    <ClCompile Include="xml\xmlite.cpp">
      <Filter>Source Files\xml</Filter>
    </ClCompile>
    <ClCompile Include="framework.cpp">
      <Filter>Source Files</Filter>
    </ClCompile>
    <ClCompile Include="_.cpp">
      <Filter>Source Files</Filter>
    </ClCompile>
    <ClCompile Include="platform\application.cpp">
      <Filter>Source Files\platform</Filter>
    </ClCompile>
    <ClCompile Include="platform\session.cpp">
      <Filter>Source Files\platform</Filter>
    </ClCompile>
    <ClCompile Include="platform\system.cpp">
      <Filter>Source Files\platform</Filter>
    </ClCompile>
    <ClCompile Include="const\idpool.cpp">
      <Filter>Source Files\const</Filter>
    </ClCompile>
    <ClCompile Include="multimedia\audio.cpp">
      <Filter>Source Files\multimedia</Filter>
    </ClCompile>
    <ClCompile Include="multimedia\decoder.cpp">
      <Filter>Source Files\multimedia</Filter>
    </ClCompile>
    <ClCompile Include="multimedia\decoder_plugin.cpp">
      <Filter>Source Files\multimedia</Filter>
    </ClCompile>
    <ClCompile Include="multimedia\exception.cpp">
      <Filter>Source Files\multimedia</Filter>
    </ClCompile>
    <ClCompile Include="multimedia\file_application.cpp">
      <Filter>Source Files\multimedia</Filter>
    </ClCompile>
    <ClCompile Include="multimedia\multimedia.cpp">
      <Filter>Source Files\multimedia</Filter>
    </ClCompile>
    <ClCompile Include="multimedia\audio\audio_wave_out.cpp">
      <Filter>Source Files\multimedia\audio</Filter>
    </ClCompile>
    <ClCompile Include="multimedia\audio\sound_track_player.cpp">
      <Filter>Source Files\multimedia\audio</Filter>
    </ClCompile>
    <ClCompile Include="multimedia\audio\speaker.cpp">
      <Filter>Source Files\multimedia\audio</Filter>
    </ClCompile>
    <ClCompile Include="user\controller.cpp">
      <Filter>Source Files\user</Filter>
    </ClCompile>
  </ItemGroup>
</Project>